// !$*UTF8*$!
{
	archiveVersion = 1;
	classes = {
	};
	objectVersion = 52;
	objects = {

/* Begin PBXBuildFile section */
		771BFC7A22D5F83E00AFB237 /* Swinject.framework in Frameworks */ = {isa = PBXBuildFile; fileRef = 771BFC7022D5F83E00AFB237 /* Swinject.framework */; };
		771BFC8122D5F83E00AFB237 /* Swinject.h in Headers */ = {isa = PBXBuildFile; fileRef = 771BFC7322D5F83E00AFB237 /* Swinject.h */; settings = {ATTRIBUTES = (Public, ); }; };
		771BFC9122D600B700AFB237 /* Nimble in Frameworks */ = {isa = PBXBuildFile; productRef = 771BFC9022D600B700AFB237 /* Nimble */; };
		771BFC9422D600CC00AFB237 /* Quick in Frameworks */ = {isa = PBXBuildFile; productRef = 771BFC9322D600CC00AFB237 /* Quick */; };
		77729C9E22DCCA20005C3281 /* InjectionApiSpec.swift in Sources */ = {isa = PBXBuildFile; fileRef = 77729C9D22DCCA20005C3281 /* InjectionApiSpec.swift */; };
		CD6DE53522DD1C7300532D08 /* BindingKeySpec.swift in Sources */ = {isa = PBXBuildFile; fileRef = CD6DE53322DD1C6800532D08 /* BindingKeySpec.swift */; };
		CD6DE53722DD1CE900532D08 /* BindingKey.swift in Sources */ = {isa = PBXBuildFile; fileRef = CD6DE53622DD1CE900532D08 /* BindingKey.swift */; };
		CD6DE53922DD1D0A00532D08 /* BindingRequest.swift in Sources */ = {isa = PBXBuildFile; fileRef = CD6DE53822DD1D0A00532D08 /* BindingRequest.swift */; };
		CD85AF0E22DA57AD00A8B7CA /* ProviderBinding.swift in Sources */ = {isa = PBXBuildFile; fileRef = CD85AF0D22DA57AD00A8B7CA /* ProviderBinding.swift */; };
		CD85AF1022DA586D00A8B7CA /* ProviderBindingSpec.swift in Sources */ = {isa = PBXBuildFile; fileRef = CD85AF0F22DA586D00A8B7CA /* ProviderBindingSpec.swift */; };
		CD85AF1222DA5A8F00A8B7CA /* NonGeneratedMocks.swift in Sources */ = {isa = PBXBuildFile; fileRef = CD85AF1122DA5A8F00A8B7CA /* NonGeneratedMocks.swift */; };
		CDADF32122DB38C600C5D8DB /* SwinjectTree.swift in Sources */ = {isa = PBXBuildFile; fileRef = CDADF32022DB38C600C5D8DB /* SwinjectTree.swift */; };
		CDADF32322DB416C00C5D8DB /* InstanceBinding.swift in Sources */ = {isa = PBXBuildFile; fileRef = CDADF32222DB416C00C5D8DB /* InstanceBinding.swift */; };
		CDADF33322DB4C1800C5D8DB /* InstanceBindingSpec.swift in Sources */ = {isa = PBXBuildFile; fileRef = CDADF33122DB4C1200C5D8DB /* InstanceBindingSpec.swift */; };
		CDADF33522DB521400C5D8DB /* SwinjectModule.swift in Sources */ = {isa = PBXBuildFile; fileRef = CDADF33422DB521400C5D8DB /* SwinjectModule.swift */; };
		CDADF33722DB753800C5D8DB /* TestModels.swift in Sources */ = {isa = PBXBuildFile; fileRef = CDADF33622DB753800C5D8DB /* TestModels.swift */; };
		CDADF34022DB883A00C5D8DB /* GeneratedMocks.swift in Sources */ = {isa = PBXBuildFile; fileRef = CDADF33F22DB883A00C5D8DB /* GeneratedMocks.swift */; };
		CDD8380322DA2B67003E9909 /* SwinjectTreeBuilderSpec.swift in Sources */ = {isa = PBXBuildFile; fileRef = CDD8380222DA2B67003E9909 /* SwinjectTreeBuilderSpec.swift */; };
		CDD8380522DA307F003E9909 /* TypeBinder.swift in Sources */ = {isa = PBXBuildFile; fileRef = CDD8380422DA307F003E9909 /* TypeBinder.swift */; };
		CDD8380722DA30C6003E9909 /* TypeDescriptor.swift in Sources */ = {isa = PBXBuildFile; fileRef = CDD8380622DA30C6003E9909 /* TypeDescriptor.swift */; };
		CDD8380A22DA31D9003E9909 /* TypeBinderSpec.swift in Sources */ = {isa = PBXBuildFile; fileRef = CDD8380822DA31C6003E9909 /* TypeBinderSpec.swift */; };
		CDD8380C22DA3AD8003E9909 /* Binding.swift in Sources */ = {isa = PBXBuildFile; fileRef = CDD8380B22DA3AD8003E9909 /* Binding.swift */; };
		CDD8380E22DA3B0D003E9909 /* BindingEntry.swift in Sources */ = {isa = PBXBuildFile; fileRef = CDD8380D22DA3B0D003E9909 /* BindingEntry.swift */; };
		CDD8381022DA429F003E9909 /* Injector.swift in Sources */ = {isa = PBXBuildFile; fileRef = CDD8380F22DA429F003E9909 /* Injector.swift */; };
		CDD8381622DA4B55003E9909 /* Swinject.swift in Sources */ = {isa = PBXBuildFile; fileRef = CDD8381522DA4B55003E9909 /* Swinject.swift */; };
		CDD8381B22DA4CBE003E9909 /* SwinjectSpec.swift in Sources */ = {isa = PBXBuildFile; fileRef = CDD8381922DA4C9F003E9909 /* SwinjectSpec.swift */; };
		CDD8381D22DA4E02003E9909 /* SwinjectError.swift in Sources */ = {isa = PBXBuildFile; fileRef = CDD8381C22DA4E02003E9909 /* SwinjectError.swift */; };
		CDD8381F22DA4F6F003E9909 /* Utils.swift in Sources */ = {isa = PBXBuildFile; fileRef = CDD8381E22DA4F6F003E9909 /* Utils.swift */; };
/* End PBXBuildFile section */

/* Begin PBXContainerItemProxy section */
		771BFC7B22D5F83E00AFB237 /* PBXContainerItemProxy */ = {
			isa = PBXContainerItemProxy;
			containerPortal = 771BFC6722D5F83E00AFB237 /* Project object */;
			proxyType = 1;
			remoteGlobalIDString = 771BFC6F22D5F83E00AFB237;
			remoteInfo = Swinject;
		};
/* End PBXContainerItemProxy section */

/* Begin PBXFileReference section */
		771BFC7022D5F83E00AFB237 /* Swinject.framework */ = {isa = PBXFileReference; explicitFileType = wrapper.framework; includeInIndex = 0; path = Swinject.framework; sourceTree = BUILT_PRODUCTS_DIR; };
		771BFC7322D5F83E00AFB237 /* Swinject.h */ = {isa = PBXFileReference; lastKnownFileType = sourcecode.c.h; path = Swinject.h; sourceTree = "<group>"; };
		771BFC7422D5F83E00AFB237 /* Info.plist */ = {isa = PBXFileReference; lastKnownFileType = text.plist.xml; path = Info.plist; sourceTree = "<group>"; };
		771BFC7922D5F83E00AFB237 /* SwinjectTests-OSX.xctest */ = {isa = PBXFileReference; explicitFileType = wrapper.cfbundle; includeInIndex = 0; path = "SwinjectTests-OSX.xctest"; sourceTree = BUILT_PRODUCTS_DIR; };
		771BFC8022D5F83E00AFB237 /* Info.plist */ = {isa = PBXFileReference; lastKnownFileType = text.plist.xml; path = Info.plist; sourceTree = "<group>"; };
		771BFC8B22D5FAAE00AFB237 /* Nimble.framework */ = {isa = PBXFileReference; lastKnownFileType = wrapper.framework; name = Nimble.framework; path = Carthage/Build/Mac/Nimble.framework; sourceTree = "<group>"; };
		771BFC8C22D5FAAE00AFB237 /* Quick.framework */ = {isa = PBXFileReference; lastKnownFileType = wrapper.framework; name = Quick.framework; path = Carthage/Build/Mac/Quick.framework; sourceTree = "<group>"; };
		77729C9D22DCCA20005C3281 /* InjectionApiSpec.swift */ = {isa = PBXFileReference; fileEncoding = 4; lastKnownFileType = sourcecode.swift; path = InjectionApiSpec.swift; sourceTree = "<group>"; };
		CD6DE53322DD1C6800532D08 /* BindingKeySpec.swift */ = {isa = PBXFileReference; lastKnownFileType = sourcecode.swift; path = BindingKeySpec.swift; sourceTree = "<group>"; };
		CD6DE53622DD1CE900532D08 /* BindingKey.swift */ = {isa = PBXFileReference; lastKnownFileType = sourcecode.swift; path = BindingKey.swift; sourceTree = "<group>"; };
		CD6DE53822DD1D0A00532D08 /* BindingRequest.swift */ = {isa = PBXFileReference; lastKnownFileType = sourcecode.swift; path = BindingRequest.swift; sourceTree = "<group>"; };
		CD85AF0D22DA57AD00A8B7CA /* ProviderBinding.swift */ = {isa = PBXFileReference; lastKnownFileType = sourcecode.swift; path = ProviderBinding.swift; sourceTree = "<group>"; };
		CD85AF0F22DA586D00A8B7CA /* ProviderBindingSpec.swift */ = {isa = PBXFileReference; lastKnownFileType = sourcecode.swift; path = ProviderBindingSpec.swift; sourceTree = "<group>"; };
		CD85AF1122DA5A8F00A8B7CA /* NonGeneratedMocks.swift */ = {isa = PBXFileReference; lastKnownFileType = sourcecode.swift; path = NonGeneratedMocks.swift; sourceTree = "<group>"; };
		CDADF32022DB38C600C5D8DB /* SwinjectTree.swift */ = {isa = PBXFileReference; lastKnownFileType = sourcecode.swift; path = SwinjectTree.swift; sourceTree = "<group>"; };
		CDADF32222DB416C00C5D8DB /* InstanceBinding.swift */ = {isa = PBXFileReference; lastKnownFileType = sourcecode.swift; path = InstanceBinding.swift; sourceTree = "<group>"; };
		CDADF33122DB4C1200C5D8DB /* InstanceBindingSpec.swift */ = {isa = PBXFileReference; lastKnownFileType = sourcecode.swift; path = InstanceBindingSpec.swift; sourceTree = "<group>"; };
		CDADF33422DB521400C5D8DB /* SwinjectModule.swift */ = {isa = PBXFileReference; lastKnownFileType = sourcecode.swift; path = SwinjectModule.swift; sourceTree = "<group>"; };
		CDADF33622DB753800C5D8DB /* TestModels.swift */ = {isa = PBXFileReference; lastKnownFileType = sourcecode.swift; path = TestModels.swift; sourceTree = "<group>"; };
		CDADF33E22DB881D00C5D8DB /* AutoMockable.stencil */ = {isa = PBXFileReference; lastKnownFileType = text; path = AutoMockable.stencil; sourceTree = "<group>"; };
		CDADF33F22DB883A00C5D8DB /* GeneratedMocks.swift */ = {isa = PBXFileReference; fileEncoding = 4; lastKnownFileType = sourcecode.swift; path = GeneratedMocks.swift; sourceTree = "<group>"; };
		CDD8380222DA2B67003E9909 /* SwinjectTreeBuilderSpec.swift */ = {isa = PBXFileReference; lastKnownFileType = sourcecode.swift; path = SwinjectTreeBuilderSpec.swift; sourceTree = "<group>"; };
		CDD8380422DA307F003E9909 /* TypeBinder.swift */ = {isa = PBXFileReference; lastKnownFileType = sourcecode.swift; path = TypeBinder.swift; sourceTree = "<group>"; };
		CDD8380622DA30C6003E9909 /* TypeDescriptor.swift */ = {isa = PBXFileReference; lastKnownFileType = sourcecode.swift; path = TypeDescriptor.swift; sourceTree = "<group>"; };
		CDD8380822DA31C6003E9909 /* TypeBinderSpec.swift */ = {isa = PBXFileReference; lastKnownFileType = sourcecode.swift; path = TypeBinderSpec.swift; sourceTree = "<group>"; };
		CDD8380B22DA3AD8003E9909 /* Binding.swift */ = {isa = PBXFileReference; lastKnownFileType = sourcecode.swift; path = Binding.swift; sourceTree = "<group>"; };
		CDD8380D22DA3B0D003E9909 /* BindingEntry.swift */ = {isa = PBXFileReference; lastKnownFileType = sourcecode.swift; path = BindingEntry.swift; sourceTree = "<group>"; };
		CDD8380F22DA429F003E9909 /* Injector.swift */ = {isa = PBXFileReference; lastKnownFileType = sourcecode.swift; path = Injector.swift; sourceTree = "<group>"; };
		CDD8381522DA4B55003E9909 /* Swinject.swift */ = {isa = PBXFileReference; lastKnownFileType = sourcecode.swift; path = Swinject.swift; sourceTree = "<group>"; };
		CDD8381922DA4C9F003E9909 /* SwinjectSpec.swift */ = {isa = PBXFileReference; lastKnownFileType = sourcecode.swift; path = SwinjectSpec.swift; sourceTree = "<group>"; };
		CDD8381C22DA4E02003E9909 /* SwinjectError.swift */ = {isa = PBXFileReference; lastKnownFileType = sourcecode.swift; path = SwinjectError.swift; sourceTree = "<group>"; };
		CDD8381E22DA4F6F003E9909 /* Utils.swift */ = {isa = PBXFileReference; lastKnownFileType = sourcecode.swift; path = Utils.swift; sourceTree = "<group>"; };
/* End PBXFileReference section */

/* Begin PBXFrameworksBuildPhase section */
		771BFC6D22D5F83E00AFB237 /* Frameworks */ = {
			isa = PBXFrameworksBuildPhase;
			buildActionMask = 2147483647;
			files = (
			);
			runOnlyForDeploymentPostprocessing = 0;
		};
		771BFC7622D5F83E00AFB237 /* Frameworks */ = {
			isa = PBXFrameworksBuildPhase;
			buildActionMask = 2147483647;
			files = (
				771BFC7A22D5F83E00AFB237 /* Swinject.framework in Frameworks */,
				771BFC9422D600CC00AFB237 /* Quick in Frameworks */,
				771BFC9122D600B700AFB237 /* Nimble in Frameworks */,
			);
			runOnlyForDeploymentPostprocessing = 0;
		};
/* End PBXFrameworksBuildPhase section */

/* Begin PBXGroup section */
		771BFC6622D5F83E00AFB237 = {
			isa = PBXGroup;
			children = (
				771BFC7222D5F83E00AFB237 /* Sources */,
				771BFC7D22D5F83E00AFB237 /* Tests */,
				CDADF33B22DB878C00C5D8DB /* Templates */,
				771BFC7122D5F83E00AFB237 /* Products */,
				771BFC8A22D5FAAE00AFB237 /* Frameworks */,
			);
			sourceTree = "<group>";
		};
		771BFC7122D5F83E00AFB237 /* Products */ = {
			isa = PBXGroup;
			children = (
				771BFC7022D5F83E00AFB237 /* Swinject.framework */,
				771BFC7922D5F83E00AFB237 /* SwinjectTests-OSX.xctest */,
			);
			name = Products;
			sourceTree = "<group>";
		};
		771BFC7222D5F83E00AFB237 /* Sources */ = {
			isa = PBXGroup;
			children = (
				771BFC7322D5F83E00AFB237 /* Swinject.h */,
				771BFC7422D5F83E00AFB237 /* Info.plist */,
				CDADF32022DB38C600C5D8DB /* SwinjectTree.swift */,
				CDD8380422DA307F003E9909 /* TypeBinder.swift */,
				CDD8380622DA30C6003E9909 /* TypeDescriptor.swift */,
				CDD8380B22DA3AD8003E9909 /* Binding.swift */,
				CD85AF0D22DA57AD00A8B7CA /* ProviderBinding.swift */,
				CDADF32222DB416C00C5D8DB /* InstanceBinding.swift */,
				CDD8380F22DA429F003E9909 /* Injector.swift */,
				CDD8380D22DA3B0D003E9909 /* BindingEntry.swift */,
				CD6DE53622DD1CE900532D08 /* BindingKey.swift */,
				CD6DE53822DD1D0A00532D08 /* BindingRequest.swift */,
				CDD8381522DA4B55003E9909 /* Swinject.swift */,
				CDD8381C22DA4E02003E9909 /* SwinjectError.swift */,
				CDADF33422DB521400C5D8DB /* SwinjectModule.swift */,
			);
			path = Sources;
			sourceTree = "<group>";
		};
		771BFC7D22D5F83E00AFB237 /* Tests */ = {
			isa = PBXGroup;
			children = (
				77729C9C22DCCA20005C3281 /* ApiSpecs */,
				77729C9622DCC597005C3281 /* UnitSpecs */,
				77729C9422DCC56D005C3281 /* Support */,
				771BFC8022D5F83E00AFB237 /* Info.plist */,
			);
			path = Tests;
			sourceTree = "<group>";
		};
		771BFC8A22D5FAAE00AFB237 /* Frameworks */ = {
			isa = PBXGroup;
			children = (
				771BFC8B22D5FAAE00AFB237 /* Nimble.framework */,
				771BFC8C22D5FAAE00AFB237 /* Quick.framework */,
			);
			name = Frameworks;
			sourceTree = "<group>";
		};
		77729C9422DCC56D005C3281 /* Support */ = {
			isa = PBXGroup;
			children = (
				CDD8381E22DA4F6F003E9909 /* Utils.swift */,
				CDADF33622DB753800C5D8DB /* TestModels.swift */,
				CDADF33F22DB883A00C5D8DB /* GeneratedMocks.swift */,
				CD85AF1122DA5A8F00A8B7CA /* NonGeneratedMocks.swift */,
			);
			path = Support;
			sourceTree = "<group>";
		};
		77729C9622DCC597005C3281 /* UnitSpecs */ = {
			isa = PBXGroup;
			children = (
				CDD8380222DA2B67003E9909 /* SwinjectTreeBuilderSpec.swift */,
				CDD8380822DA31C6003E9909 /* TypeBinderSpec.swift */,
				CD85AF0F22DA586D00A8B7CA /* ProviderBindingSpec.swift */,
				CDADF33122DB4C1200C5D8DB /* InstanceBindingSpec.swift */,
				CDD8381922DA4C9F003E9909 /* SwinjectSpec.swift */,
				CD6DE53322DD1C6800532D08 /* BindingKeySpec.swift */,
			);
			path = UnitSpecs;
			sourceTree = "<group>";
		};
		77729C9C22DCCA20005C3281 /* ApiSpecs */ = {
			isa = PBXGroup;
			children = (
				77729C9D22DCCA20005C3281 /* InjectionApiSpec.swift */,
			);
			path = ApiSpecs;
			sourceTree = "<group>";
		};
		CDADF33B22DB878C00C5D8DB /* Templates */ = {
			isa = PBXGroup;
			children = (
				CDADF33E22DB881D00C5D8DB /* AutoMockable.stencil */,
			);
			path = Templates;
			sourceTree = "<group>";
		};
/* End PBXGroup section */

/* Begin PBXHeadersBuildPhase section */
		771BFC6B22D5F83E00AFB237 /* Headers */ = {
			isa = PBXHeadersBuildPhase;
			buildActionMask = 2147483647;
			files = (
				771BFC8122D5F83E00AFB237 /* Swinject.h in Headers */,
			);
			runOnlyForDeploymentPostprocessing = 0;
		};
/* End PBXHeadersBuildPhase section */

/* Begin PBXNativeTarget section */
		771BFC6F22D5F83E00AFB237 /* Swinject-OSX */ = {
			isa = PBXNativeTarget;
			buildConfigurationList = 771BFC8422D5F83E00AFB237 /* Build configuration list for PBXNativeTarget "Swinject-OSX" */;
			buildPhases = (
				771BFC6B22D5F83E00AFB237 /* Headers */,
				771BFC6C22D5F83E00AFB237 /* Sources */,
				771BFC6D22D5F83E00AFB237 /* Frameworks */,
				771BFC6E22D5F83E00AFB237 /* Resources */,
			);
			buildRules = (
			);
			dependencies = (
			);
			name = "Swinject-OSX";
			packageProductDependencies = (
			);
			productName = Swinject;
			productReference = 771BFC7022D5F83E00AFB237 /* Swinject.framework */;
			productType = "com.apple.product-type.framework";
		};
		771BFC7822D5F83E00AFB237 /* SwinjectTests-OSX */ = {
			isa = PBXNativeTarget;
			buildConfigurationList = 771BFC8722D5F83E00AFB237 /* Build configuration list for PBXNativeTarget "SwinjectTests-OSX" */;
			buildPhases = (
				CDADF33A22DB866900C5D8DB /* Run Sourcery */,
				771BFC7522D5F83E00AFB237 /* Sources */,
				771BFC7622D5F83E00AFB237 /* Frameworks */,
				771BFC7722D5F83E00AFB237 /* Resources */,
				CDADF33922DB831F00C5D8DB /* Run SwiftFormat */,
			);
			buildRules = (
			);
			dependencies = (
				771BFC7C22D5F83E00AFB237 /* PBXTargetDependency */,
			);
			name = "SwinjectTests-OSX";
			packageProductDependencies = (
				771BFC9022D600B700AFB237 /* Nimble */,
				771BFC9322D600CC00AFB237 /* Quick */,
			);
			productName = SwinjectTests;
			productReference = 771BFC7922D5F83E00AFB237 /* SwinjectTests-OSX.xctest */;
			productType = "com.apple.product-type.bundle.unit-test";
		};
/* End PBXNativeTarget section */

/* Begin PBXProject section */
		771BFC6722D5F83E00AFB237 /* Project object */ = {
			isa = PBXProject;
			attributes = {
				LastSwiftUpdateCheck = 1100;
				LastUpgradeCheck = 1100;
				ORGANIZATIONNAME = "Swinject Contributors";
				TargetAttributes = {
					771BFC6F22D5F83E00AFB237 = {
						CreatedOnToolsVersion = 11.0;
						LastSwiftMigration = 1100;
					};
					771BFC7822D5F83E00AFB237 = {
						CreatedOnToolsVersion = 11.0;
						LastSwiftMigration = 1100;
					};
				};
			};
			buildConfigurationList = 771BFC6A22D5F83E00AFB237 /* Build configuration list for PBXProject "Swinject" */;
			compatibilityVersion = "Xcode 9.3";
			developmentRegion = en;
			hasScannedForEncodings = 0;
			knownRegions = (
				en,
				Base,
			);
			mainGroup = 771BFC6622D5F83E00AFB237;
			packageReferences = (
				771BFC8F22D600B700AFB237 /* XCRemoteSwiftPackageReference "Nimble" */,
				771BFC9222D600CC00AFB237 /* XCRemoteSwiftPackageReference "Quick" */,
			);
			productRefGroup = 771BFC7122D5F83E00AFB237 /* Products */;
			projectDirPath = "";
			projectRoot = "";
			targets = (
				771BFC6F22D5F83E00AFB237 /* Swinject-OSX */,
				771BFC7822D5F83E00AFB237 /* SwinjectTests-OSX */,
			);
		};
/* End PBXProject section */

/* Begin PBXResourcesBuildPhase section */
		771BFC6E22D5F83E00AFB237 /* Resources */ = {
			isa = PBXResourcesBuildPhase;
			buildActionMask = 2147483647;
			files = (
			);
			runOnlyForDeploymentPostprocessing = 0;
		};
		771BFC7722D5F83E00AFB237 /* Resources */ = {
			isa = PBXResourcesBuildPhase;
			buildActionMask = 2147483647;
			files = (
			);
			runOnlyForDeploymentPostprocessing = 0;
		};
/* End PBXResourcesBuildPhase section */

/* Begin PBXShellScriptBuildPhase section */
		CDADF33922DB831F00C5D8DB /* Run SwiftFormat */ = {
			isa = PBXShellScriptBuildPhase;
			buildActionMask = 2147483647;
			files = (
			);
			inputFileListPaths = (
			);
			inputPaths = (
			);
			name = "Run SwiftFormat";
			outputFileListPaths = (
			);
			outputPaths = (
			);
			runOnlyForDeploymentPostprocessing = 0;
			shellPath = /bin/sh;
			shellScript = "if which swiftformat >/dev/null; then\n    swiftformat .\nelse\n    echo \"warning: SwiftFormat not installed, download from https://github.com/nicklockwood/SwiftFormat\"\nfi\n";
		};
		CDADF33A22DB866900C5D8DB /* Run Sourcery */ = {
			isa = PBXShellScriptBuildPhase;
			buildActionMask = 2147483647;
			files = (
			);
			inputFileListPaths = (
			);
			inputPaths = (
			);
			name = "Run Sourcery";
			outputFileListPaths = (
			);
			outputPaths = (
			);
			runOnlyForDeploymentPostprocessing = 0;
			shellPath = /bin/sh;
			shellScript = "sourcery\n";
		};
/* End PBXShellScriptBuildPhase section */

/* Begin PBXSourcesBuildPhase section */
		771BFC6C22D5F83E00AFB237 /* Sources */ = {
			isa = PBXSourcesBuildPhase;
			buildActionMask = 2147483647;
			files = (
				CDD8380C22DA3AD8003E9909 /* Binding.swift in Sources */,
				CDADF33522DB521400C5D8DB /* SwinjectModule.swift in Sources */,
				CDD8381022DA429F003E9909 /* Injector.swift in Sources */,
				CD6DE53722DD1CE900532D08 /* BindingKey.swift in Sources */,
				CD6DE53922DD1D0A00532D08 /* BindingRequest.swift in Sources */,
				CDADF32322DB416C00C5D8DB /* InstanceBinding.swift in Sources */,
				CDADF32122DB38C600C5D8DB /* SwinjectTree.swift in Sources */,
				CDD8381D22DA4E02003E9909 /* SwinjectError.swift in Sources */,
				CDD8380722DA30C6003E9909 /* TypeDescriptor.swift in Sources */,
				CDD8381622DA4B55003E9909 /* Swinject.swift in Sources */,
				CDD8380522DA307F003E9909 /* TypeBinder.swift in Sources */,
				CD85AF0E22DA57AD00A8B7CA /* ProviderBinding.swift in Sources */,
				CDD8380E22DA3B0D003E9909 /* BindingEntry.swift in Sources */,
			);
			runOnlyForDeploymentPostprocessing = 0;
		};
		771BFC7522D5F83E00AFB237 /* Sources */ = {
			isa = PBXSourcesBuildPhase;
			buildActionMask = 2147483647;
			files = (
				CDD8381F22DA4F6F003E9909 /* Utils.swift in Sources */,
				CDD8381B22DA4CBE003E9909 /* SwinjectSpec.swift in Sources */,
				CDADF34022DB883A00C5D8DB /* GeneratedMocks.swift in Sources */,
				CDD8380A22DA31D9003E9909 /* TypeBinderSpec.swift in Sources */,
				CD85AF1222DA5A8F00A8B7CA /* NonGeneratedMocks.swift in Sources */,
				CDADF33322DB4C1800C5D8DB /* InstanceBindingSpec.swift in Sources */,
				CD85AF1022DA586D00A8B7CA /* ProviderBindingSpec.swift in Sources */,
				CDD8380322DA2B67003E9909 /* SwinjectTreeBuilderSpec.swift in Sources */,
				CD6DE53522DD1C7300532D08 /* BindingKeySpec.swift in Sources */,
				CDADF33722DB753800C5D8DB /* TestModels.swift in Sources */,
				77729C9E22DCCA20005C3281 /* InjectionApiSpec.swift in Sources */,
			);
			runOnlyForDeploymentPostprocessing = 0;
		};
/* End PBXSourcesBuildPhase section */

/* Begin PBXTargetDependency section */
		771BFC7C22D5F83E00AFB237 /* PBXTargetDependency */ = {
			isa = PBXTargetDependency;
			target = 771BFC6F22D5F83E00AFB237 /* Swinject-OSX */;
			targetProxy = 771BFC7B22D5F83E00AFB237 /* PBXContainerItemProxy */;
		};
/* End PBXTargetDependency section */

/* Begin XCBuildConfiguration section */
		771BFC8222D5F83E00AFB237 /* Debug */ = {
			isa = XCBuildConfiguration;
			buildSettings = {
				ALWAYS_SEARCH_USER_PATHS = NO;
				CLANG_ANALYZER_NONNULL = YES;
				CLANG_ANALYZER_NUMBER_OBJECT_CONVERSION = YES_AGGRESSIVE;
				CLANG_CXX_LANGUAGE_STANDARD = "gnu++14";
				CLANG_CXX_LIBRARY = "libc++";
				CLANG_ENABLE_MODULES = YES;
				CLANG_ENABLE_OBJC_ARC = YES;
				CLANG_ENABLE_OBJC_WEAK = YES;
				CLANG_WARN_BLOCK_CAPTURE_AUTORELEASING = YES;
				CLANG_WARN_BOOL_CONVERSION = YES;
				CLANG_WARN_COMMA = YES;
				CLANG_WARN_CONSTANT_CONVERSION = YES;
				CLANG_WARN_DEPRECATED_OBJC_IMPLEMENTATIONS = YES;
				CLANG_WARN_DIRECT_OBJC_ISA_USAGE = YES_ERROR;
				CLANG_WARN_DOCUMENTATION_COMMENTS = YES;
				CLANG_WARN_EMPTY_BODY = YES;
				CLANG_WARN_ENUM_CONVERSION = YES;
				CLANG_WARN_INFINITE_RECURSION = YES;
				CLANG_WARN_INT_CONVERSION = YES;
				CLANG_WARN_NON_LITERAL_NULL_CONVERSION = YES;
				CLANG_WARN_OBJC_IMPLICIT_RETAIN_SELF = YES;
				CLANG_WARN_OBJC_LITERAL_CONVERSION = YES;
				CLANG_WARN_OBJC_ROOT_CLASS = YES_ERROR;
				CLANG_WARN_RANGE_LOOP_ANALYSIS = YES;
				CLANG_WARN_STRICT_PROTOTYPES = YES;
				CLANG_WARN_SUSPICIOUS_MOVE = YES;
				CLANG_WARN_UNGUARDED_AVAILABILITY = YES_AGGRESSIVE;
				CLANG_WARN_UNREACHABLE_CODE = YES;
				CLANG_WARN__DUPLICATE_METHOD_MATCH = YES;
				COPY_PHASE_STRIP = NO;
				CURRENT_PROJECT_VERSION = 1;
				DEBUG_INFORMATION_FORMAT = dwarf;
				ENABLE_STRICT_OBJC_MSGSEND = YES;
				ENABLE_TESTABILITY = YES;
				GCC_C_LANGUAGE_STANDARD = gnu11;
				GCC_DYNAMIC_NO_PIC = NO;
				GCC_NO_COMMON_BLOCKS = YES;
				GCC_OPTIMIZATION_LEVEL = 0;
				GCC_PREPROCESSOR_DEFINITIONS = (
					"DEBUG=1",
					"$(inherited)",
				);
				GCC_WARN_64_TO_32_BIT_CONVERSION = YES;
				GCC_WARN_ABOUT_RETURN_TYPE = YES_ERROR;
				GCC_WARN_UNDECLARED_SELECTOR = YES;
				GCC_WARN_UNINITIALIZED_AUTOS = YES_AGGRESSIVE;
				GCC_WARN_UNUSED_FUNCTION = YES;
				GCC_WARN_UNUSED_VARIABLE = YES;
				MACOSX_DEPLOYMENT_TARGET = 10.14;
				MTL_ENABLE_DEBUG_INFO = INCLUDE_SOURCE;
				MTL_FAST_MATH = YES;
				ONLY_ACTIVE_ARCH = YES;
				SDKROOT = macosx;
				SWIFT_ACTIVE_COMPILATION_CONDITIONS = DEBUG;
				SWIFT_OPTIMIZATION_LEVEL = "-Onone";
				SWIFT_VERSION = 5.0;
				VERSIONING_SYSTEM = "apple-generic";
				VERSION_INFO_PREFIX = "";
			};
			name = Debug;
		};
		771BFC8322D5F83E00AFB237 /* Release */ = {
			isa = XCBuildConfiguration;
			buildSettings = {
				ALWAYS_SEARCH_USER_PATHS = NO;
				CLANG_ANALYZER_NONNULL = YES;
				CLANG_ANALYZER_NUMBER_OBJECT_CONVERSION = YES_AGGRESSIVE;
				CLANG_CXX_LANGUAGE_STANDARD = "gnu++14";
				CLANG_CXX_LIBRARY = "libc++";
				CLANG_ENABLE_MODULES = YES;
				CLANG_ENABLE_OBJC_ARC = YES;
				CLANG_ENABLE_OBJC_WEAK = YES;
				CLANG_WARN_BLOCK_CAPTURE_AUTORELEASING = YES;
				CLANG_WARN_BOOL_CONVERSION = YES;
				CLANG_WARN_COMMA = YES;
				CLANG_WARN_CONSTANT_CONVERSION = YES;
				CLANG_WARN_DEPRECATED_OBJC_IMPLEMENTATIONS = YES;
				CLANG_WARN_DIRECT_OBJC_ISA_USAGE = YES_ERROR;
				CLANG_WARN_DOCUMENTATION_COMMENTS = YES;
				CLANG_WARN_EMPTY_BODY = YES;
				CLANG_WARN_ENUM_CONVERSION = YES;
				CLANG_WARN_INFINITE_RECURSION = YES;
				CLANG_WARN_INT_CONVERSION = YES;
				CLANG_WARN_NON_LITERAL_NULL_CONVERSION = YES;
				CLANG_WARN_OBJC_IMPLICIT_RETAIN_SELF = YES;
				CLANG_WARN_OBJC_LITERAL_CONVERSION = YES;
				CLANG_WARN_OBJC_ROOT_CLASS = YES_ERROR;
				CLANG_WARN_RANGE_LOOP_ANALYSIS = YES;
				CLANG_WARN_STRICT_PROTOTYPES = YES;
				CLANG_WARN_SUSPICIOUS_MOVE = YES;
				CLANG_WARN_UNGUARDED_AVAILABILITY = YES_AGGRESSIVE;
				CLANG_WARN_UNREACHABLE_CODE = YES;
				CLANG_WARN__DUPLICATE_METHOD_MATCH = YES;
				COPY_PHASE_STRIP = NO;
				CURRENT_PROJECT_VERSION = 1;
				DEBUG_INFORMATION_FORMAT = "dwarf-with-dsym";
				ENABLE_NS_ASSERTIONS = NO;
				ENABLE_STRICT_OBJC_MSGSEND = YES;
				GCC_C_LANGUAGE_STANDARD = gnu11;
				GCC_NO_COMMON_BLOCKS = YES;
				GCC_WARN_64_TO_32_BIT_CONVERSION = YES;
				GCC_WARN_ABOUT_RETURN_TYPE = YES_ERROR;
				GCC_WARN_UNDECLARED_SELECTOR = YES;
				GCC_WARN_UNINITIALIZED_AUTOS = YES_AGGRESSIVE;
				GCC_WARN_UNUSED_FUNCTION = YES;
				GCC_WARN_UNUSED_VARIABLE = YES;
				MACOSX_DEPLOYMENT_TARGET = 10.14;
				MTL_ENABLE_DEBUG_INFO = NO;
				MTL_FAST_MATH = YES;
				SDKROOT = macosx;
				SWIFT_COMPILATION_MODE = wholemodule;
				SWIFT_OPTIMIZATION_LEVEL = "-O";
				SWIFT_VERSION = 5.0;
				VERSIONING_SYSTEM = "apple-generic";
				VERSION_INFO_PREFIX = "";
			};
			name = Release;
		};
		771BFC8522D5F83E00AFB237 /* Debug */ = {
			isa = XCBuildConfiguration;
			buildSettings = {
				CLANG_ENABLE_MODULES = YES;
				CODE_SIGN_STYLE = Automatic;
				COMBINE_HIDPI_IMAGES = YES;
				DEFINES_MODULE = YES;
				DYLIB_COMPATIBILITY_VERSION = 1;
				DYLIB_CURRENT_VERSION = 1;
				DYLIB_INSTALL_NAME_BASE = "@rpath";
				INFOPLIST_FILE = "$(SRCROOT)/Sources/Info.plist";
				INSTALL_PATH = "$(LOCAL_LIBRARY_DIR)/Frameworks";
				LD_RUNPATH_SEARCH_PATHS = (
					"$(inherited)",
					"@executable_path/../Frameworks",
					"@loader_path/Frameworks",
				);
				PRODUCT_BUNDLE_IDENTIFIER = "com.el-eleven.Swinject";
				PRODUCT_NAME = Swinject;
				SKIP_INSTALL = YES;
				SWIFT_OPTIMIZATION_LEVEL = "-Onone";
				SWIFT_VERSION = 5.0;
			};
			name = Debug;
		};
		771BFC8622D5F83E00AFB237 /* Release */ = {
			isa = XCBuildConfiguration;
			buildSettings = {
				CLANG_ENABLE_MODULES = YES;
				CODE_SIGN_STYLE = Automatic;
				COMBINE_HIDPI_IMAGES = YES;
				DEFINES_MODULE = YES;
				DYLIB_COMPATIBILITY_VERSION = 1;
				DYLIB_CURRENT_VERSION = 1;
				DYLIB_INSTALL_NAME_BASE = "@rpath";
				INFOPLIST_FILE = "$(SRCROOT)/Sources/Info.plist";
				INSTALL_PATH = "$(LOCAL_LIBRARY_DIR)/Frameworks";
				LD_RUNPATH_SEARCH_PATHS = (
					"$(inherited)",
					"@executable_path/../Frameworks",
					"@loader_path/Frameworks",
				);
				PRODUCT_BUNDLE_IDENTIFIER = "com.el-eleven.Swinject";
				PRODUCT_NAME = Swinject;
				SKIP_INSTALL = YES;
				SWIFT_VERSION = 5.0;
			};
			name = Release;
		};
		771BFC8822D5F83E00AFB237 /* Debug */ = {
			isa = XCBuildConfiguration;
			buildSettings = {
				ALWAYS_EMBED_SWIFT_STANDARD_LIBRARIES = YES;
				CLANG_ENABLE_MODULES = YES;
				CODE_SIGN_STYLE = Automatic;
				COMBINE_HIDPI_IMAGES = YES;
				FRAMEWORK_SEARCH_PATHS = (
					"$(inherited)",
					"$(PROJECT_DIR)/Carthage/Build/Mac",
				);
				INFOPLIST_FILE = Tests/Info.plist;
				LD_RUNPATH_SEARCH_PATHS = (
					"$(inherited)",
					"@executable_path/../Frameworks",
					"@loader_path/../Frameworks",
				);
				PRODUCT_BUNDLE_IDENTIFIER = "com.el-eleven.SwinjectTests";
				PRODUCT_NAME = "$(TARGET_NAME)";
				SWIFT_OPTIMIZATION_LEVEL = "-Onone";
				SWIFT_VERSION = 5.0;
			};
			name = Debug;
		};
		771BFC8922D5F83E00AFB237 /* Release */ = {
			isa = XCBuildConfiguration;
			buildSettings = {
				ALWAYS_EMBED_SWIFT_STANDARD_LIBRARIES = YES;
				CLANG_ENABLE_MODULES = YES;
				CODE_SIGN_STYLE = Automatic;
				COMBINE_HIDPI_IMAGES = YES;
				FRAMEWORK_SEARCH_PATHS = (
					"$(inherited)",
					"$(PROJECT_DIR)/Carthage/Build/Mac",
				);
				INFOPLIST_FILE = Tests/Info.plist;
				LD_RUNPATH_SEARCH_PATHS = (
					"$(inherited)",
					"@executable_path/../Frameworks",
					"@loader_path/../Frameworks",
				);
				PRODUCT_BUNDLE_IDENTIFIER = "com.el-eleven.SwinjectTests";
				PRODUCT_NAME = "$(TARGET_NAME)";
				SWIFT_VERSION = 5.0;
			};
			name = Release;
		};
/* End XCBuildConfiguration section */

/* Begin XCConfigurationList section */
		771BFC6A22D5F83E00AFB237 /* Build configuration list for PBXProject "Swinject" */ = {
			isa = XCConfigurationList;
			buildConfigurations = (
				771BFC8222D5F83E00AFB237 /* Debug */,
				771BFC8322D5F83E00AFB237 /* Release */,
			);
			defaultConfigurationIsVisible = 0;
			defaultConfigurationName = Release;
		};
		771BFC8422D5F83E00AFB237 /* Build configuration list for PBXNativeTarget "Swinject-OSX" */ = {
			isa = XCConfigurationList;
			buildConfigurations = (
				771BFC8522D5F83E00AFB237 /* Debug */,
				771BFC8622D5F83E00AFB237 /* Release */,
			);
			defaultConfigurationIsVisible = 0;
			defaultConfigurationName = Release;
		};
		771BFC8722D5F83E00AFB237 /* Build configuration list for PBXNativeTarget "SwinjectTests-OSX" */ = {
			isa = XCConfigurationList;
			buildConfigurations = (
				771BFC8822D5F83E00AFB237 /* Debug */,
				771BFC8922D5F83E00AFB237 /* Release */,
			);
			defaultConfigurationIsVisible = 0;
			defaultConfigurationName = Release;
		};
/* End XCConfigurationList section */

/* Begin XCRemoteSwiftPackageReference section */
		771BFC8F22D600B700AFB237 /* XCRemoteSwiftPackageReference "Nimble" */ = {
			isa = XCRemoteSwiftPackageReference;
			repositoryURL = "https://github.com/Quick/Nimble";
			requirement = {
				kind = upToNextMajorVersion;
				minimumVersion = 8.0.2;
			};
		};
		771BFC9222D600CC00AFB237 /* XCRemoteSwiftPackageReference "Quick" */ = {
			isa = XCRemoteSwiftPackageReference;
			repositoryURL = "https://github.com/Quick/Quick";
			requirement = {
				kind = upToNextMajorVersion;
				minimumVersion = 2.1.0;
			};
		};
/* End XCRemoteSwiftPackageReference section */

/* Begin XCSwiftPackageProductDependency section */
		771BFC9022D600B700AFB237 /* Nimble */ = {
			isa = XCSwiftPackageProductDependency;
			package = 771BFC8F22D600B700AFB237 /* XCRemoteSwiftPackageReference "Nimble" */;
			productName = Nimble;
		};
		771BFC9322D600CC00AFB237 /* Quick */ = {
			isa = XCSwiftPackageProductDependency;
			package = 771BFC9222D600CC00AFB237 /* XCRemoteSwiftPackageReference "Quick" */;
			productName = Quick;
		};
/* End XCSwiftPackageProductDependency section */
	};
	rootObject = 771BFC6722D5F83E00AFB237 /* Project object */;
}
