// !$*UTF8*$!
{
	archiveVersion = 1;
	classes = {
	};
	objectVersion = 51;
	objects = {

/* Begin PBXBuildFile section */
		0126F47EDE97A611D184682F /* DebugHelper.swift in Sources */ = {isa = PBXBuildFile; fileRef = DE752946EBDAC1CB5823A39E /* DebugHelper.swift */; };
		026337CCA37580CB223C94AD /* ContainerTests.TypeForwarding.swift in Sources */ = {isa = PBXBuildFile; fileRef = BBDE1F7FCBF0C61DE0BA3ED2 /* ContainerTests.TypeForwarding.swift */; };
		0266A3114C82246F18B52860 /* Food.swift in Sources */ = {isa = PBXBuildFile; fileRef = 1271722CF77709A1173E7863 /* Food.swift */; };
		055969F9EA3C1AD43B11E006 /* ObjectScope.Standard.swift in Sources */ = {isa = PBXBuildFile; fileRef = A79864FE285C06A91E006806 /* ObjectScope.Standard.swift */; };
		06B6204600E208CA97750825 /* RecursiveLock.swift in Sources */ = {isa = PBXBuildFile; fileRef = 97ECAF79D15CCE41C49F4590 /* RecursiveLock.swift */; };
		097ACF95FFBE85F427E287AA /* WeakStorageTests.swift in Sources */ = {isa = PBXBuildFile; fileRef = 185C8B2BAF1CF29EB64159FC /* WeakStorageTests.swift */; };
		0C56E93B497BBA17B0E408F4 /* GraphIdentifier.swift in Sources */ = {isa = PBXBuildFile; fileRef = 9B058F48AF289C3AC307C2F7 /* GraphIdentifier.swift */; };
		0C5D13C26A3F499D503B35FA /* AssemblerTests.swift in Sources */ = {isa = PBXBuildFile; fileRef = 29EB588ED052D3BAF38AFBBE /* AssemblerTests.swift */; };
		0CAD0368F908D3D285C6A9A9 /* BehaviorFakes.swift in Sources */ = {isa = PBXBuildFile; fileRef = BEF07245CC462D98868097A3 /* BehaviorFakes.swift */; };
		0CC89E82308CF2FFF0CCC267 /* ContainerTests.Circularity.swift in Sources */ = {isa = PBXBuildFile; fileRef = 8F785F377C29D884F268D894 /* ContainerTests.Circularity.swift */; };
		0E5336910C7B0A00E588940E /* Circularity.swift in Sources */ = {isa = PBXBuildFile; fileRef = 47328731EED63322AD76FB3A /* Circularity.swift */; };
		0F6B596CC2F819EF9CF5FE75 /* Container.TypeForwarding.swift in Sources */ = {isa = PBXBuildFile; fileRef = 7605BDEF71547D0B17D7195A /* Container.TypeForwarding.swift */; };
		1120EBEC146D1EDDCC29AB17 /* ServiceEntry.TypeForwarding.swift in Sources */ = {isa = PBXBuildFile; fileRef = 54FFC812F14E9976208B644F /* ServiceEntry.TypeForwarding.swift */; };
		115515373F266C35E8DBE724 /* Food.swift in Sources */ = {isa = PBXBuildFile; fileRef = 1271722CF77709A1173E7863 /* Food.swift */; };
		1276420B3D3ED5ACFC2C5B4F /* EmploymentAssembly.swift in Sources */ = {isa = PBXBuildFile; fileRef = 077047532310E42432E94D83 /* EmploymentAssembly.swift */; };
		12984E4749F7C882055D380F /* ContainerTests.Behavior.swift in Sources */ = {isa = PBXBuildFile; fileRef = 988A20A0815159E43C26CA46 /* ContainerTests.Behavior.swift */; };
		12BDC39E183E9F24A676930B /* Animal.swift in Sources */ = {isa = PBXBuildFile; fileRef = FFBC1F44A2B361CB169F7B66 /* Animal.swift */; };
		130DDD2347169F885F420989 /* ObjectScope.swift in Sources */ = {isa = PBXBuildFile; fileRef = 957AFDACC07687608E5E5F7E /* ObjectScope.swift */; };
		138D38987ED00235C384DD26 /* _Resolver.swift in Sources */ = {isa = PBXBuildFile; fileRef = 15C304EFDAFB81043B2896E5 /* _Resolver.swift */; };
		1613AE7671758A85F760C5DF /* EmploymentAssembly.swift in Sources */ = {isa = PBXBuildFile; fileRef = 077047532310E42432E94D83 /* EmploymentAssembly.swift */; };
		169235A36E20BDA12AE4AC91 /* ContainerTests.DebugHelper.swift in Sources */ = {isa = PBXBuildFile; fileRef = 4744C3ABBA9A8A585C726883 /* ContainerTests.DebugHelper.swift */; };
		1845CF466289264A5BBC0CCE /* ServiceEntry.TypeForwarding.swift in Sources */ = {isa = PBXBuildFile; fileRef = 54FFC812F14E9976208B644F /* ServiceEntry.TypeForwarding.swift */; };
		1A2759577A52C96E28BB44F0 /* ServiceEntry.swift in Sources */ = {isa = PBXBuildFile; fileRef = 76238B6105E2E443A94CE595 /* ServiceEntry.swift */; };
		1AF1BB032596F2ADF9021F90 /* Container.TypeForwarding.swift in Sources */ = {isa = PBXBuildFile; fileRef = 7605BDEF71547D0B17D7195A /* Container.TypeForwarding.swift */; };
		1B36EE582AD6251A33C956F2 /* Container.TypeForwarding.swift in Sources */ = {isa = PBXBuildFile; fileRef = 7605BDEF71547D0B17D7195A /* Container.TypeForwarding.swift */; };
		1BA2596EFB6E7BF4D46E3C9D /* BehaviorFakes.swift in Sources */ = {isa = PBXBuildFile; fileRef = BEF07245CC462D98868097A3 /* BehaviorFakes.swift */; };
		1C084C2AF7B98A21D8B1E35B /* ContainerTests.swift in Sources */ = {isa = PBXBuildFile; fileRef = 19726C4D2E8898E5C05A5E38 /* ContainerTests.swift */; };
		1C1C0CB3F19349057B4FBDE1 /* BasicAssembly.swift in Sources */ = {isa = PBXBuildFile; fileRef = FCC59458E04C20587D870946 /* BasicAssembly.swift */; };
		1DB36B1F8919879607F67F35 /* Container.Arguments.swift in Sources */ = {isa = PBXBuildFile; fileRef = C38F57E5E5BE1DC65C3DDAF6 /* Container.Arguments.swift */; };
		22873F55E9E82B96A53045C3 /* ContainerTests.CustomStringConvertible.swift in Sources */ = {isa = PBXBuildFile; fileRef = 5FCE820EE05C206E34CEF068 /* ContainerTests.CustomStringConvertible.swift */; };
		235DD35BC7B8CE15BA46A677 /* BehaviorFakes.swift in Sources */ = {isa = PBXBuildFile; fileRef = BEF07245CC462D98868097A3 /* BehaviorFakes.swift */; };
		23A8D7543ED9973F04C5BC93 /* FunctionType.swift in Sources */ = {isa = PBXBuildFile; fileRef = F388AD8E55D8C6F1E31D0522 /* FunctionType.swift */; };
		23F35AAA23D4C8B93F0CBCA9 /* ContainerTests.TypeForwarding.swift in Sources */ = {isa = PBXBuildFile; fileRef = BBDE1F7FCBF0C61DE0BA3ED2 /* ContainerTests.TypeForwarding.swift */; };
		270E79D1962E06A934455167 /* Animal.swift in Sources */ = {isa = PBXBuildFile; fileRef = FFBC1F44A2B361CB169F7B66 /* Animal.swift */; };
		27D6AC59924DFD8098A40E05 /* ProviderTests.swift in Sources */ = {isa = PBXBuildFile; fileRef = A28176E7C90C61FB8131FE06 /* ProviderTests.swift */; };
		282FA07B68C61B03555E1252 /* ServiceKeyTests.swift in Sources */ = {isa = PBXBuildFile; fileRef = 6CCDBC7E5186CB36CD160D94 /* ServiceKeyTests.swift */; };
		29406617AEC8A11DE712FF4E /* XCTestManifests.swift in Sources */ = {isa = PBXBuildFile; fileRef = CF9B9D41D1030BF1F491263C /* XCTestManifests.swift */; };
		2A7B601317F40EB29F006A9A /* WeakStorageTests.swift in Sources */ = {isa = PBXBuildFile; fileRef = 185C8B2BAF1CF29EB64159FC /* WeakStorageTests.swift */; };
		2A87CB8C62E83CCF6B71A037 /* Person.swift in Sources */ = {isa = PBXBuildFile; fileRef = D7B00D2ED19209D0C6210169 /* Person.swift */; };
		2AE466B9D1628876CEB4E0D6 /* ContainerTests.CustomScope.swift in Sources */ = {isa = PBXBuildFile; fileRef = 1C7608AD07FC553DAC2911FB /* ContainerTests.CustomScope.swift */; };
		2B3B278BF277E162E14A2B4C /* AssemblerTests.swift in Sources */ = {isa = PBXBuildFile; fileRef = 29EB588ED052D3BAF38AFBBE /* AssemblerTests.swift */; };
		2C3EB507FFA03D18B2909405 /* Swinject.framework in Frameworks */ = {isa = PBXBuildFile; fileRef = 8B9785AAE94A5447FA307242 /* Swinject.framework */; };
		2C838FEC75D618B575750A17 /* Behavior.swift in Sources */ = {isa = PBXBuildFile; fileRef = C8D8BA4B04A5F517AF663DCE /* Behavior.swift */; };
		2D9218F1639E2298778A9539 /* .swiftlint.yml in Resources */ = {isa = PBXBuildFile; fileRef = A982F3108666D12EA0810D52 /* .swiftlint.yml */; };
		2E533A7E458D3EB2FFBE1586 /* ContainerTests.CustomStringConvertible.swift in Sources */ = {isa = PBXBuildFile; fileRef = 5FCE820EE05C206E34CEF068 /* ContainerTests.CustomStringConvertible.swift */; };
		303FAEDDC56720EB793ABE64 /* ContainerTests.GraphCaching.swift in Sources */ = {isa = PBXBuildFile; fileRef = 46A04FC6931B56743E4B7D63 /* ContainerTests.GraphCaching.swift */; };
		31C021202AAC21C893F790A9 /* ContainerTests.Behavior.swift in Sources */ = {isa = PBXBuildFile; fileRef = 988A20A0815159E43C26CA46 /* ContainerTests.Behavior.swift */; };
		3468E4E54CCE05659D01DA4F /* ServiceKeyTests.swift in Sources */ = {isa = PBXBuildFile; fileRef = 6CCDBC7E5186CB36CD160D94 /* ServiceKeyTests.swift */; };
		3533E2B0A0ABB853DA4A2381 /* WeakStorageTests.swift in Sources */ = {isa = PBXBuildFile; fileRef = 185C8B2BAF1CF29EB64159FC /* WeakStorageTests.swift */; };
		35C9BCE88B6D6567760D7389 /* ServiceEntry.swift in Sources */ = {isa = PBXBuildFile; fileRef = 76238B6105E2E443A94CE595 /* ServiceEntry.swift */; };
		363C4230CAC4547E7A676249 /* Container.Logging.swift in Sources */ = {isa = PBXBuildFile; fileRef = B0F839BCDE52371FE49454B9 /* Container.Logging.swift */; };
		374D3B4A2A2163726B4E55BC /* ContainerTests.Arguments.swift in Sources */ = {isa = PBXBuildFile; fileRef = B6399EDFBCD9E5DD82AC00DE /* ContainerTests.Arguments.swift */; };
		3957BFF436703E5C0434D41E /* ServiceKey.swift in Sources */ = {isa = PBXBuildFile; fileRef = BD2ED5B0128132DCD709777F /* ServiceKey.swift */; };
		3A41F4B375C1CE29A75F6AE9 /* EmploymentAssembly.swift in Sources */ = {isa = PBXBuildFile; fileRef = 077047532310E42432E94D83 /* EmploymentAssembly.swift */; };
		3D86E87634E427DCE7A8CF81 /* ServiceEntry.TypeForwarding.swift in Sources */ = {isa = PBXBuildFile; fileRef = 54FFC812F14E9976208B644F /* ServiceEntry.TypeForwarding.swift */; };
		3D93500066D78A0E6F6B6D7A /* ServiceKeyTests.swift in Sources */ = {isa = PBXBuildFile; fileRef = 6CCDBC7E5186CB36CD160D94 /* ServiceKeyTests.swift */; };
		3DEFB7CA42D9EFF0B4FBC0F4 /* Swinject.framework in Frameworks */ = {isa = PBXBuildFile; fileRef = 38BCCF3F950869BD1891F7A8 /* Swinject.framework */; };
		3EB863C3A6A466F76F1A01B0 /* XCTestManifests.swift in Sources */ = {isa = PBXBuildFile; fileRef = CF9B9D41D1030BF1F491263C /* XCTestManifests.swift */; };
		40DCC9D2F3ABC2B36C9DC8AE /* ObjectScope.swift in Sources */ = {isa = PBXBuildFile; fileRef = 957AFDACC07687608E5E5F7E /* ObjectScope.swift */; };
		40FCA2AB08F4EA23096075AB /* Container.Logging.swift in Sources */ = {isa = PBXBuildFile; fileRef = B0F839BCDE52371FE49454B9 /* Container.Logging.swift */; };
		44676A0D0399F323A31E0451 /* Food.swift in Sources */ = {isa = PBXBuildFile; fileRef = 1271722CF77709A1173E7863 /* Food.swift */; };
		46B1E26C8AC0CF5FABB466F9 /* .swiftlint.yml in Resources */ = {isa = PBXBuildFile; fileRef = A982F3108666D12EA0810D52 /* .swiftlint.yml */; };
		471EEA7C90D1AEA45CAC0236 /* LoadAwareAssembly.swift in Sources */ = {isa = PBXBuildFile; fileRef = 2380F40FC2B9229F36B13679 /* LoadAwareAssembly.swift */; };
		4736BF9B29704061B29BFACD /* Food.swift in Sources */ = {isa = PBXBuildFile; fileRef = 1271722CF77709A1173E7863 /* Food.swift */; };
		474A4D73269D7BDF0844D704 /* Assembler.swift in Sources */ = {isa = PBXBuildFile; fileRef = 944B981A9157833AC3397B4A /* Assembler.swift */; };
		48B5EC6BADDE7B88260ADE44 /* RecursiveLock.swift in Sources */ = {isa = PBXBuildFile; fileRef = 97ECAF79D15CCE41C49F4590 /* RecursiveLock.swift */; };
		49841791CDAE68611B7E9212 /* ContainerTests.TypeForwarding.swift in Sources */ = {isa = PBXBuildFile; fileRef = BBDE1F7FCBF0C61DE0BA3ED2 /* ContainerTests.TypeForwarding.swift */; };
		4A1AEFDC62BC395924AB2355 /* Container.swift in Sources */ = {isa = PBXBuildFile; fileRef = 172E48E07BA72BCBFB305E93 /* Container.swift */; };
		4C06628453523BB76531404F /* ContainerTests.Circularity.swift in Sources */ = {isa = PBXBuildFile; fileRef = 8F785F377C29D884F268D894 /* ContainerTests.Circularity.swift */; };
		4D35CD2C4FD5788F087A4D51 /* LoadAwareAssembly.swift in Sources */ = {isa = PBXBuildFile; fileRef = 2380F40FC2B9229F36B13679 /* LoadAwareAssembly.swift */; };
		4D631FA98F95F809740D6585 /* UnavailableItems.swift in Sources */ = {isa = PBXBuildFile; fileRef = 39924B830576F62A4B528A37 /* UnavailableItems.swift */; };
		4D667425CB08BF894C1A78AA /* Behavior.swift in Sources */ = {isa = PBXBuildFile; fileRef = C8D8BA4B04A5F517AF663DCE /* Behavior.swift */; };
		5010597DD8C25E6684C8087E /* Assembly.swift in Sources */ = {isa = PBXBuildFile; fileRef = 5922B783F35F436C528594C1 /* Assembly.swift */; };
		513BDFB32DCE5B048672C33D /* ServiceEntry.swift in Sources */ = {isa = PBXBuildFile; fileRef = 76238B6105E2E443A94CE595 /* ServiceEntry.swift */; };
		51F2541C2BC5A2EF003E3BCD /* ReadWriteLock.swift in Sources */ = {isa = PBXBuildFile; fileRef = 51F2541A2BC5A2EF003E3BCD /* ReadWriteLock.swift */; };
		51F2541D2BC5A2EF003E3BCD /* ReadWriteLock.swift in Sources */ = {isa = PBXBuildFile; fileRef = 51F2541A2BC5A2EF003E3BCD /* ReadWriteLock.swift */; };
		51F2541E2BC5A2EF003E3BCD /* ReadWriteLock.swift in Sources */ = {isa = PBXBuildFile; fileRef = 51F2541A2BC5A2EF003E3BCD /* ReadWriteLock.swift */; };
		51F2541F2BC5A2EF003E3BCD /* ReadWriteLock.swift in Sources */ = {isa = PBXBuildFile; fileRef = 51F2541A2BC5A2EF003E3BCD /* ReadWriteLock.swift */; };
		51F254202BC5A2EF003E3BCD /* ThreadSafeDictionary.swift in Sources */ = {isa = PBXBuildFile; fileRef = 51F2541B2BC5A2EF003E3BCD /* ThreadSafeDictionary.swift */; };
		51F254212BC5A2EF003E3BCD /* ThreadSafeDictionary.swift in Sources */ = {isa = PBXBuildFile; fileRef = 51F2541B2BC5A2EF003E3BCD /* ThreadSafeDictionary.swift */; };
		51F254222BC5A2EF003E3BCD /* ThreadSafeDictionary.swift in Sources */ = {isa = PBXBuildFile; fileRef = 51F2541B2BC5A2EF003E3BCD /* ThreadSafeDictionary.swift */; };
		51F254232BC5A2EF003E3BCD /* ThreadSafeDictionary.swift in Sources */ = {isa = PBXBuildFile; fileRef = 51F2541B2BC5A2EF003E3BCD /* ThreadSafeDictionary.swift */; };
		52E4C2C279904E90D5F37204 /* Container.swift in Sources */ = {isa = PBXBuildFile; fileRef = 172E48E07BA72BCBFB305E93 /* Container.swift */; };
		545B9E4AD1990F07C3C8AB5E /* ContainerTests.GraphCaching.swift in Sources */ = {isa = PBXBuildFile; fileRef = 46A04FC6931B56743E4B7D63 /* ContainerTests.GraphCaching.swift */; };
		5488A7839EF00BAC43CE2CEE /* Container.TypeForwarding.swift in Sources */ = {isa = PBXBuildFile; fileRef = 7605BDEF71547D0B17D7195A /* Container.TypeForwarding.swift */; };
		54A3ED20B6A9506B9D514098 /* ServiceEntry.TypeForwarding.swift in Sources */ = {isa = PBXBuildFile; fileRef = 54FFC812F14E9976208B644F /* ServiceEntry.TypeForwarding.swift */; };
		55CA3AA3F28B7CC221ABEC83 /* Swinject.framework in Frameworks */ = {isa = PBXBuildFile; fileRef = 6D54F152C11C966ECFC55ECB /* Swinject.framework */; };
		56F7004F323632D46B60D750 /* ContainerTests.Arguments.swift in Sources */ = {isa = PBXBuildFile; fileRef = B6399EDFBCD9E5DD82AC00DE /* ContainerTests.Arguments.swift */; };
		5734BDE2F4A4934ACF64A303 /* XCTestManifests.swift in Sources */ = {isa = PBXBuildFile; fileRef = CF9B9D41D1030BF1F491263C /* XCTestManifests.swift */; };
		58654C80A0946909D44F6BAD /* UnavailableItems.swift in Sources */ = {isa = PBXBuildFile; fileRef = 39924B830576F62A4B528A37 /* UnavailableItems.swift */; };
		5932CEBED2AC3924FAB3A2D3 /* .swiftlint.yml in Resources */ = {isa = PBXBuildFile; fileRef = A982F3108666D12EA0810D52 /* .swiftlint.yml */; };
		59AB5E84FD9B11B7D1CA2401 /* GraphIdentifier.swift in Sources */ = {isa = PBXBuildFile; fileRef = 9B058F48AF289C3AC307C2F7 /* GraphIdentifier.swift */; };
		5B9D364DB69998633C834BB8 /* SynchronizedTests.swift in Sources */ = {isa = PBXBuildFile; fileRef = E6E0A3F26E3718902E420D8E /* SynchronizedTests.swift */; };
		5BAC0A607F822D6205DA6178 /* Container.Arguments.swift in Sources */ = {isa = PBXBuildFile; fileRef = C38F57E5E5BE1DC65C3DDAF6 /* Container.Arguments.swift */; };
		5BB768EFEB4BA7D1D05B4DCC /* Resolver.swift in Sources */ = {isa = PBXBuildFile; fileRef = EC379E27E9804FC6C0BA0842 /* Resolver.swift */; };
		5D17DB72B4986D174D69135B /* BasicAssembly.swift in Sources */ = {isa = PBXBuildFile; fileRef = FCC59458E04C20587D870946 /* BasicAssembly.swift */; };
		602201FE3E6CC64F594DEBA1 /* Assembler.swift in Sources */ = {isa = PBXBuildFile; fileRef = 944B981A9157833AC3397B4A /* Assembler.swift */; };
		61357D47A1C4870FAA34377C /* InstanceWrapper.swift in Sources */ = {isa = PBXBuildFile; fileRef = 7101AB0DE88A5340F7EAAC04 /* InstanceWrapper.swift */; };
		61DED52B00D94B5B4C983799 /* ContainerTests.DebugHelper.swift in Sources */ = {isa = PBXBuildFile; fileRef = 4744C3ABBA9A8A585C726883 /* ContainerTests.DebugHelper.swift */; };
		62A1539A3B07EE3E1B72CF95 /* ObjectScope.swift in Sources */ = {isa = PBXBuildFile; fileRef = 957AFDACC07687608E5E5F7E /* ObjectScope.swift */; };
		6443FB8C5B3DD95740287398 /* BasicAssembly.swift in Sources */ = {isa = PBXBuildFile; fileRef = FCC59458E04C20587D870946 /* BasicAssembly.swift */; };
		68DA3B5FB308092FE9B5C733 /* UnavailableItems.swift in Sources */ = {isa = PBXBuildFile; fileRef = 39924B830576F62A4B528A37 /* UnavailableItems.swift */; };
		695E6FF61B8CD35434685835 /* Assembly.swift in Sources */ = {isa = PBXBuildFile; fileRef = 5922B783F35F436C528594C1 /* Assembly.swift */; };
		69A27AA36C90A4D4A5FDDEFC /* Circularity.swift in Sources */ = {isa = PBXBuildFile; fileRef = 47328731EED63322AD76FB3A /* Circularity.swift */; };
		6A352D6A2C12D7BDABC38645 /* InstanceWrapper.swift in Sources */ = {isa = PBXBuildFile; fileRef = 7101AB0DE88A5340F7EAAC04 /* InstanceWrapper.swift */; };
		6B207B33C9C0ECF6D899E96D /* .swiftlint.yml in Resources */ = {isa = PBXBuildFile; fileRef = A982F3108666D12EA0810D52 /* .swiftlint.yml */; };
		6D27D9EE441200FF1F6637CA /* ContainerTests.CustomScope.swift in Sources */ = {isa = PBXBuildFile; fileRef = 1C7608AD07FC553DAC2911FB /* ContainerTests.CustomScope.swift */; };
		6E851F52EEEB317D07B6E0EC /* ServiceEntryTests.swift in Sources */ = {isa = PBXBuildFile; fileRef = 28B6980B5294739C0656769C /* ServiceEntryTests.swift */; };
		7000D01DCB05BF57BC89BCF8 /* InstanceWrapper.swift in Sources */ = {isa = PBXBuildFile; fileRef = 7101AB0DE88A5340F7EAAC04 /* InstanceWrapper.swift */; };
		706A459CAE24E0D5054CEC30 /* GraphIdentifier.swift in Sources */ = {isa = PBXBuildFile; fileRef = 9B058F48AF289C3AC307C2F7 /* GraphIdentifier.swift */; };
		73390576F317FC0A851046B8 /* ServiceEntryTests.swift in Sources */ = {isa = PBXBuildFile; fileRef = 28B6980B5294739C0656769C /* ServiceEntryTests.swift */; };
		73906701DF9BE9870A55F291 /* ServiceKeyTests.swift in Sources */ = {isa = PBXBuildFile; fileRef = 6CCDBC7E5186CB36CD160D94 /* ServiceKeyTests.swift */; };
		75A776D4072BCF74F298D818 /* EmploymentAssembly.swift in Sources */ = {isa = PBXBuildFile; fileRef = 077047532310E42432E94D83 /* EmploymentAssembly.swift */; };
		75DC16A87FD15168ACDEEAA3 /* LazyTests.swift in Sources */ = {isa = PBXBuildFile; fileRef = 7287A8057A58B72EBC5C8CB9 /* LazyTests.swift */; };
		77BF219EAB4FC8475943CECC /* Swinject.framework in Frameworks */ = {isa = PBXBuildFile; fileRef = 6D434EB4C13CF9D9FA6D80CB /* Swinject.framework */; };
		77E67A2C566A1DFD5407BBA4 /* Container.Logging.swift in Sources */ = {isa = PBXBuildFile; fileRef = B0F839BCDE52371FE49454B9 /* Container.Logging.swift */; };
		7A7032384E07DAD308D4F70A /* Swinject.framework in Embed Frameworks */ = {isa = PBXBuildFile; fileRef = 8B9785AAE94A5447FA307242 /* Swinject.framework */; settings = {ATTRIBUTES = (CodeSignOnCopy, RemoveHeadersOnCopy, ); }; };
		7E57CE64E1356423F0F89FD3 /* _Resolver.swift in Sources */ = {isa = PBXBuildFile; fileRef = 15C304EFDAFB81043B2896E5 /* _Resolver.swift */; };
		80837E0E78055050D6B7F762 /* ContainerTests.CustomStringConvertible.swift in Sources */ = {isa = PBXBuildFile; fileRef = 5FCE820EE05C206E34CEF068 /* ContainerTests.CustomStringConvertible.swift */; };
		808983B2AF095E481615029E /* ServiceEntry.swift in Sources */ = {isa = PBXBuildFile; fileRef = 76238B6105E2E443A94CE595 /* ServiceEntry.swift */; };
		81AE1BCE31BC99440151A68F /* Assembly.swift in Sources */ = {isa = PBXBuildFile; fileRef = 5922B783F35F436C528594C1 /* Assembly.swift */; };
		8329CE24DE7D6FB1A6D88B17 /* DebugHelper.swift in Sources */ = {isa = PBXBuildFile; fileRef = DE752946EBDAC1CB5823A39E /* DebugHelper.swift */; };
		8586EE67C32C467F3716DFFA /* FunctionType.swift in Sources */ = {isa = PBXBuildFile; fileRef = F388AD8E55D8C6F1E31D0522 /* FunctionType.swift */; };
		88D3B360E738AE936A4C3FC1 /* ContainerTests.Circularity.swift in Sources */ = {isa = PBXBuildFile; fileRef = 8F785F377C29D884F268D894 /* ContainerTests.Circularity.swift */; };
		8B9E356593059568E55F9B06 /* RecursiveLock.swift in Sources */ = {isa = PBXBuildFile; fileRef = 97ECAF79D15CCE41C49F4590 /* RecursiveLock.swift */; };
		8C0A761D6EEA3BB4E3075810 /* LazyTests.swift in Sources */ = {isa = PBXBuildFile; fileRef = 7287A8057A58B72EBC5C8CB9 /* LazyTests.swift */; };
		8F8BF2FFD2D666C4EE71E796 /* Assembler.swift in Sources */ = {isa = PBXBuildFile; fileRef = 944B981A9157833AC3397B4A /* Assembler.swift */; };
		8FFD06CBA917E2E4A48D9FAB /* ContainerTests.GraphCaching.swift in Sources */ = {isa = PBXBuildFile; fileRef = 46A04FC6931B56743E4B7D63 /* ContainerTests.GraphCaching.swift */; };
		9075CBEEA86A2C4D336D8792 /* ContainerTests.TypeForwarding.swift in Sources */ = {isa = PBXBuildFile; fileRef = BBDE1F7FCBF0C61DE0BA3ED2 /* ContainerTests.TypeForwarding.swift */; };
		9189A052D2867EB12421B259 /* XCTestManifests.swift in Sources */ = {isa = PBXBuildFile; fileRef = CF9B9D41D1030BF1F491263C /* XCTestManifests.swift */; };
		932DE4C2C5F6D61C52062AEF /* SynchronizedTests.swift in Sources */ = {isa = PBXBuildFile; fileRef = E6E0A3F26E3718902E420D8E /* SynchronizedTests.swift */; };
		95070453A9934F08F9E02E6C /* UnavailableItems.swift in Sources */ = {isa = PBXBuildFile; fileRef = 39924B830576F62A4B528A37 /* UnavailableItems.swift */; };
		96BA7CCC6AEC192CAD3054E1 /* Resolver.swift in Sources */ = {isa = PBXBuildFile; fileRef = EC379E27E9804FC6C0BA0842 /* Resolver.swift */; };
		96E113959C6AF4C512C95B0F /* ContainerTests.Arguments.swift in Sources */ = {isa = PBXBuildFile; fileRef = B6399EDFBCD9E5DD82AC00DE /* ContainerTests.Arguments.swift */; };
		982C0E8887466F38FDCABABF /* ProviderTests.swift in Sources */ = {isa = PBXBuildFile; fileRef = A28176E7C90C61FB8131FE06 /* ProviderTests.swift */; };
		984BA82B469FF3ECA7607196 /* ProviderTests.swift in Sources */ = {isa = PBXBuildFile; fileRef = A28176E7C90C61FB8131FE06 /* ProviderTests.swift */; };
		9C55E77735F428B886AD639A /* ContainerTests.swift in Sources */ = {isa = PBXBuildFile; fileRef = 19726C4D2E8898E5C05A5E38 /* ContainerTests.swift */; };
		9CD3F07823D2E64DD636E00A /* Resolver.swift in Sources */ = {isa = PBXBuildFile; fileRef = EC379E27E9804FC6C0BA0842 /* Resolver.swift */; };
		9D78DAAC0307D9422C501D33 /* Container.Logging.swift in Sources */ = {isa = PBXBuildFile; fileRef = B0F839BCDE52371FE49454B9 /* Container.Logging.swift */; };
		9ECC88CB09E13FD179A1ED8E /* BasicAssembly.swift in Sources */ = {isa = PBXBuildFile; fileRef = FCC59458E04C20587D870946 /* BasicAssembly.swift */; };
		9FF7BABC0BA21A89A755E37C /* Container.Arguments.swift in Sources */ = {isa = PBXBuildFile; fileRef = C38F57E5E5BE1DC65C3DDAF6 /* Container.Arguments.swift */; };
		A1122137DBD0A777A0D622C2 /* ContainerTests.GraphCaching.swift in Sources */ = {isa = PBXBuildFile; fileRef = 46A04FC6931B56743E4B7D63 /* ContainerTests.GraphCaching.swift */; };
		A39172D39FE39D24A12A7257 /* ServiceKey.swift in Sources */ = {isa = PBXBuildFile; fileRef = BD2ED5B0128132DCD709777F /* ServiceKey.swift */; };
		A5D9F0A6D8FC89662658FBF3 /* Assembly.swift in Sources */ = {isa = PBXBuildFile; fileRef = 5922B783F35F436C528594C1 /* Assembly.swift */; };
		A8539D3DC8D838ED6A156403 /* ProviderTests.swift in Sources */ = {isa = PBXBuildFile; fileRef = A28176E7C90C61FB8131FE06 /* ProviderTests.swift */; };
		A87B2787A32FAA3254700F90 /* ContainerTests.Arguments.swift in Sources */ = {isa = PBXBuildFile; fileRef = B6399EDFBCD9E5DD82AC00DE /* ContainerTests.Arguments.swift */; };
		AA4990BFDE1BA41947B9C140 /* Animal.swift in Sources */ = {isa = PBXBuildFile; fileRef = FFBC1F44A2B361CB169F7B66 /* Animal.swift */; };
		AB05847EAB8D85A8679B5EC5 /* InstanceStorage.swift in Sources */ = {isa = PBXBuildFile; fileRef = 3B7688D6F1E3466891D0582E /* InstanceStorage.swift */; };
		AD91C0A080A7CE74369407E7 /* Container.Arguments.swift in Sources */ = {isa = PBXBuildFile; fileRef = C38F57E5E5BE1DC65C3DDAF6 /* Container.Arguments.swift */; };
		AEE58DEFB1764391B49E4EA0 /* ServiceKey.swift in Sources */ = {isa = PBXBuildFile; fileRef = BD2ED5B0128132DCD709777F /* ServiceKey.swift */; };
		B06306286CC5EA66C88F24D1 /* Swinject.framework in Embed Frameworks */ = {isa = PBXBuildFile; fileRef = 38BCCF3F950869BD1891F7A8 /* Swinject.framework */; settings = {ATTRIBUTES = (CodeSignOnCopy, RemoveHeadersOnCopy, ); }; };
		B318650FD853DCD0ADE179DF /* ContainerTests.CustomScope.swift in Sources */ = {isa = PBXBuildFile; fileRef = 1C7608AD07FC553DAC2911FB /* ContainerTests.CustomScope.swift */; };
		B3F7F3FB03EB048B16B05620 /* Person.swift in Sources */ = {isa = PBXBuildFile; fileRef = D7B00D2ED19209D0C6210169 /* Person.swift */; };
		B55E915211F19C91C622E068 /* InstanceStorage.swift in Sources */ = {isa = PBXBuildFile; fileRef = 3B7688D6F1E3466891D0582E /* InstanceStorage.swift */; };
		B78D64DC2B0332D562F39A82 /* Animal.swift in Sources */ = {isa = PBXBuildFile; fileRef = FFBC1F44A2B361CB169F7B66 /* Animal.swift */; };
		B9566410214991FBA727BB37 /* ObjectScope.swift in Sources */ = {isa = PBXBuildFile; fileRef = 957AFDACC07687608E5E5F7E /* ObjectScope.swift */; };
		BA36EC78ECA2701853CD3E12 /* LoadAwareAssembly.swift in Sources */ = {isa = PBXBuildFile; fileRef = 2380F40FC2B9229F36B13679 /* LoadAwareAssembly.swift */; };
		BAB2886500919D428F97215A /* DebugHelper.swift in Sources */ = {isa = PBXBuildFile; fileRef = DE752946EBDAC1CB5823A39E /* DebugHelper.swift */; };
		BAB510EEEBDD444BA65E0003 /* LazyTests.swift in Sources */ = {isa = PBXBuildFile; fileRef = 7287A8057A58B72EBC5C8CB9 /* LazyTests.swift */; };
		BB78B5DA95DCE3A942C18910 /* InstanceWrapper.swift in Sources */ = {isa = PBXBuildFile; fileRef = 7101AB0DE88A5340F7EAAC04 /* InstanceWrapper.swift */; };
		BCDBFF75F368C980B6DA4BFE /* ContainerTests.Behavior.swift in Sources */ = {isa = PBXBuildFile; fileRef = 988A20A0815159E43C26CA46 /* ContainerTests.Behavior.swift */; };
		BDCBFD62903A1C0F8B35797C /* ObjectScope.Standard.swift in Sources */ = {isa = PBXBuildFile; fileRef = A79864FE285C06A91E006806 /* ObjectScope.Standard.swift */; };
		BE3889327CE4A24631B91350 /* AssemblerTests.swift in Sources */ = {isa = PBXBuildFile; fileRef = 29EB588ED052D3BAF38AFBBE /* AssemblerTests.swift */; };
		BE3A8FAC5AC745EDCCD5A5FB /* Swinject.framework in Embed Frameworks */ = {isa = PBXBuildFile; fileRef = 6D54F152C11C966ECFC55ECB /* Swinject.framework */; settings = {ATTRIBUTES = (CodeSignOnCopy, RemoveHeadersOnCopy, ); }; };
		BF6475BEA46F81B30A6FA19E /* Container.swift in Sources */ = {isa = PBXBuildFile; fileRef = 172E48E07BA72BCBFB305E93 /* Container.swift */; };
		C223101DB417F1237A8421E1 /* Swinject.framework in Embed Frameworks */ = {isa = PBXBuildFile; fileRef = 6D434EB4C13CF9D9FA6D80CB /* Swinject.framework */; settings = {ATTRIBUTES = (CodeSignOnCopy, RemoveHeadersOnCopy, ); }; };
		C2FC1D884393948DEC69E6FE /* ContainerTests.swift in Sources */ = {isa = PBXBuildFile; fileRef = 19726C4D2E8898E5C05A5E38 /* ContainerTests.swift */; };
		C34362994B2581F04EB818A2 /* FunctionType.swift in Sources */ = {isa = PBXBuildFile; fileRef = F388AD8E55D8C6F1E31D0522 /* FunctionType.swift */; };
		C578E997A0076FB320475132 /* ContainerTests.Behavior.swift in Sources */ = {isa = PBXBuildFile; fileRef = 988A20A0815159E43C26CA46 /* ContainerTests.Behavior.swift */; };
		C60108843AA83DF2B408EE87 /* Behavior.swift in Sources */ = {isa = PBXBuildFile; fileRef = C8D8BA4B04A5F517AF663DCE /* Behavior.swift */; };
		C7A673429D2B735BAC18F58E /* RecursiveLock.swift in Sources */ = {isa = PBXBuildFile; fileRef = 97ECAF79D15CCE41C49F4590 /* RecursiveLock.swift */; };
		C7C1DD107809E8C3C728C199 /* ContainerTests.DebugHelper.swift in Sources */ = {isa = PBXBuildFile; fileRef = 4744C3ABBA9A8A585C726883 /* ContainerTests.DebugHelper.swift */; };
		CC64B74A022612990F57D51D /* GraphIdentifier.swift in Sources */ = {isa = PBXBuildFile; fileRef = 9B058F48AF289C3AC307C2F7 /* GraphIdentifier.swift */; };
		CF05649033EABCF21B15C535 /* DebugHelper.swift in Sources */ = {isa = PBXBuildFile; fileRef = DE752946EBDAC1CB5823A39E /* DebugHelper.swift */; };
		D210E7349E119368A741DB2F /* LoadAwareAssembly.swift in Sources */ = {isa = PBXBuildFile; fileRef = 2380F40FC2B9229F36B13679 /* LoadAwareAssembly.swift */; };
		D4D93174FF22D805953A727A /* _Resolver.swift in Sources */ = {isa = PBXBuildFile; fileRef = 15C304EFDAFB81043B2896E5 /* _Resolver.swift */; };
		D56BD23EC91E28CE6C6D6E78 /* Container.swift in Sources */ = {isa = PBXBuildFile; fileRef = 172E48E07BA72BCBFB305E93 /* Container.swift */; };
		D6B0E0FA93AD8D47AA07AE03 /* InstanceStorage.swift in Sources */ = {isa = PBXBuildFile; fileRef = 3B7688D6F1E3466891D0582E /* InstanceStorage.swift */; };
		DAB7F0C574E1C33C92C455A5 /* ContainerTests.Circularity.swift in Sources */ = {isa = PBXBuildFile; fileRef = 8F785F377C29D884F268D894 /* ContainerTests.Circularity.swift */; };
		DD3BDAD424848F5F4A92C21A /* ServiceEntryTests.swift in Sources */ = {isa = PBXBuildFile; fileRef = 28B6980B5294739C0656769C /* ServiceEntryTests.swift */; };
		DD86062A00239AAC86F3F209 /* ServiceEntryTests.swift in Sources */ = {isa = PBXBuildFile; fileRef = 28B6980B5294739C0656769C /* ServiceEntryTests.swift */; };
		DF6980E257546DD6CB21A2CF /* ContainerTests.DebugHelper.swift in Sources */ = {isa = PBXBuildFile; fileRef = 4744C3ABBA9A8A585C726883 /* ContainerTests.DebugHelper.swift */; };
		E28F56015BFBB47A791856D3 /* ServiceKey.swift in Sources */ = {isa = PBXBuildFile; fileRef = BD2ED5B0128132DCD709777F /* ServiceKey.swift */; };
		E812FB9CF4563E8706B9B5F9 /* LazyTests.swift in Sources */ = {isa = PBXBuildFile; fileRef = 7287A8057A58B72EBC5C8CB9 /* LazyTests.swift */; };
		E8D611574436C915DACB6B28 /* ContainerTests.swift in Sources */ = {isa = PBXBuildFile; fileRef = 19726C4D2E8898E5C05A5E38 /* ContainerTests.swift */; };
		EA4DD6B2C80E8973EA460F14 /* AssemblerTests.swift in Sources */ = {isa = PBXBuildFile; fileRef = 29EB588ED052D3BAF38AFBBE /* AssemblerTests.swift */; };
		EBB561398EE319A46C487059 /* ContainerTests.CustomScope.swift in Sources */ = {isa = PBXBuildFile; fileRef = 1C7608AD07FC553DAC2911FB /* ContainerTests.CustomScope.swift */; };
		ED19CAF7B39978B3CDF2013E /* Person.swift in Sources */ = {isa = PBXBuildFile; fileRef = D7B00D2ED19209D0C6210169 /* Person.swift */; };
		ED97A21AE7F99626D9E8BB80 /* ContainerTests.CustomStringConvertible.swift in Sources */ = {isa = PBXBuildFile; fileRef = 5FCE820EE05C206E34CEF068 /* ContainerTests.CustomStringConvertible.swift */; };
		EE4786524E79B10DB36FDB11 /* Resolver.swift in Sources */ = {isa = PBXBuildFile; fileRef = EC379E27E9804FC6C0BA0842 /* Resolver.swift */; };
		F355D8940486AF9DE89DD22E /* Circularity.swift in Sources */ = {isa = PBXBuildFile; fileRef = 47328731EED63322AD76FB3A /* Circularity.swift */; };
		F73BFA36FB4432C826A3785C /* WeakStorageTests.swift in Sources */ = {isa = PBXBuildFile; fileRef = 185C8B2BAF1CF29EB64159FC /* WeakStorageTests.swift */; };
		F82A2357F3C86D24E1E1D712 /* Circularity.swift in Sources */ = {isa = PBXBuildFile; fileRef = 47328731EED63322AD76FB3A /* Circularity.swift */; };
		F945C7963B1566A1C3DAC3FA /* SynchronizedTests.swift in Sources */ = {isa = PBXBuildFile; fileRef = E6E0A3F26E3718902E420D8E /* SynchronizedTests.swift */; };
		F98A1B2A226EE26A13C67F34 /* FunctionType.swift in Sources */ = {isa = PBXBuildFile; fileRef = F388AD8E55D8C6F1E31D0522 /* FunctionType.swift */; };
		FA6DD52FA4D4BB157A43CBEE /* _Resolver.swift in Sources */ = {isa = PBXBuildFile; fileRef = 15C304EFDAFB81043B2896E5 /* _Resolver.swift */; };
		FA89EFC16AEAC2EC333CEA81 /* ObjectScope.Standard.swift in Sources */ = {isa = PBXBuildFile; fileRef = A79864FE285C06A91E006806 /* ObjectScope.Standard.swift */; };
		FCC32CC413C08CF94D7F661E /* Person.swift in Sources */ = {isa = PBXBuildFile; fileRef = D7B00D2ED19209D0C6210169 /* Person.swift */; };
		FCF3A63712ECD9E5BE371DC7 /* SynchronizedTests.swift in Sources */ = {isa = PBXBuildFile; fileRef = E6E0A3F26E3718902E420D8E /* SynchronizedTests.swift */; };
		FE07C0CCCD45639FBF85A456 /* Behavior.swift in Sources */ = {isa = PBXBuildFile; fileRef = C8D8BA4B04A5F517AF663DCE /* Behavior.swift */; };
		FEAF6DE7BBDD922B61E0ED20 /* ObjectScope.Standard.swift in Sources */ = {isa = PBXBuildFile; fileRef = A79864FE285C06A91E006806 /* ObjectScope.Standard.swift */; };
		FED7D8B8C74876D03B5D09DE /* Assembler.swift in Sources */ = {isa = PBXBuildFile; fileRef = 944B981A9157833AC3397B4A /* Assembler.swift */; };
		FF222640214C9F4DA56130C4 /* InstanceStorage.swift in Sources */ = {isa = PBXBuildFile; fileRef = 3B7688D6F1E3466891D0582E /* InstanceStorage.swift */; };
		FF9DCB0AB20B0DBBE79451BB /* BehaviorFakes.swift in Sources */ = {isa = PBXBuildFile; fileRef = BEF07245CC462D98868097A3 /* BehaviorFakes.swift */; };
/* End PBXBuildFile section */

/* Begin PBXContainerItemProxy section */
		0398E4F685979C8F56F7FB53 /* PBXContainerItemProxy */ = {
			isa = PBXContainerItemProxy;
			containerPortal = 2224A31D363E48B57671956F /* Project object */;
			proxyType = 1;
			remoteGlobalIDString = FFB12C2BA1D9FE458CAE83D0;
			remoteInfo = "Swinject-tvOS";
		};
		6463E92C1B73728AE4646473 /* PBXContainerItemProxy */ = {
			isa = PBXContainerItemProxy;
			containerPortal = 2224A31D363E48B57671956F /* Project object */;
			proxyType = 1;
			remoteGlobalIDString = EFE66E56E1E06404E473072E;
			remoteInfo = "Swinject-iOS";
		};
		C9A1EE6892F51C7FC46F7ECC /* PBXContainerItemProxy */ = {
			isa = PBXContainerItemProxy;
			containerPortal = 2224A31D363E48B57671956F /* Project object */;
			proxyType = 1;
			remoteGlobalIDString = D89E5CC45F90DF6490FB29BE;
			remoteInfo = "Swinject-macOS";
		};
		FEE51FBABE119F387DF3E199 /* PBXContainerItemProxy */ = {
			isa = PBXContainerItemProxy;
			containerPortal = 2224A31D363E48B57671956F /* Project object */;
			proxyType = 1;
			remoteGlobalIDString = 36C7878AD0EB9515CC0F84FD;
			remoteInfo = "Swinject-watchOS";
		};
/* End PBXContainerItemProxy section */

/* Begin PBXCopyFilesBuildPhase section */
		2D035E39CA84526D9CC63AD9 /* Embed Frameworks */ = {
			isa = PBXCopyFilesBuildPhase;
			buildActionMask = 2147483647;
			dstPath = "";
			dstSubfolderSpec = 10;
			files = (
				B06306286CC5EA66C88F24D1 /* Swinject.framework in Embed Frameworks */,
			);
			name = "Embed Frameworks";
			runOnlyForDeploymentPostprocessing = 0;
		};
		AE08887D155511B89B66C931 /* Embed Frameworks */ = {
			isa = PBXCopyFilesBuildPhase;
			buildActionMask = 2147483647;
			dstPath = "";
			dstSubfolderSpec = 10;
			files = (
				BE3A8FAC5AC745EDCCD5A5FB /* Swinject.framework in Embed Frameworks */,
			);
			name = "Embed Frameworks";
			runOnlyForDeploymentPostprocessing = 0;
		};
		CBD9BCD99E0A940EB702C69C /* Embed Frameworks */ = {
			isa = PBXCopyFilesBuildPhase;
			buildActionMask = 2147483647;
			dstPath = "";
			dstSubfolderSpec = 10;
			files = (
				7A7032384E07DAD308D4F70A /* Swinject.framework in Embed Frameworks */,
			);
			name = "Embed Frameworks";
			runOnlyForDeploymentPostprocessing = 0;
		};
		F2EB97D88AFCA7F80B7C8639 /* Embed Frameworks */ = {
			isa = PBXCopyFilesBuildPhase;
			buildActionMask = 2147483647;
			dstPath = "";
			dstSubfolderSpec = 10;
			files = (
				C223101DB417F1237A8421E1 /* Swinject.framework in Embed Frameworks */,
			);
			name = "Embed Frameworks";
			runOnlyForDeploymentPostprocessing = 0;
		};
/* End PBXCopyFilesBuildPhase section */

/* Begin PBXFileReference section */
		077047532310E42432E94D83 /* EmploymentAssembly.swift */ = {isa = PBXFileReference; lastKnownFileType = sourcecode.swift; path = EmploymentAssembly.swift; sourceTree = "<group>"; };
		09FC792715B1658721F76885 /* SwinjectTests.xctest */ = {isa = PBXFileReference; explicitFileType = wrapper.cfbundle; includeInIndex = 0; path = SwinjectTests.xctest; sourceTree = BUILT_PRODUCTS_DIR; };
		0CA449690AE00F6300DE8ACA /* SwinjectTests.xctest */ = {isa = PBXFileReference; explicitFileType = wrapper.cfbundle; includeInIndex = 0; path = SwinjectTests.xctest; sourceTree = BUILT_PRODUCTS_DIR; };
		0DC67CB109091002AB433A46 /* SwinjectTests.xctest */ = {isa = PBXFileReference; includeInIndex = 0; lastKnownFileType = wrapper.cfbundle; path = SwinjectTests.xctest; sourceTree = BUILT_PRODUCTS_DIR; };
		1271722CF77709A1173E7863 /* Food.swift */ = {isa = PBXFileReference; lastKnownFileType = sourcecode.swift; path = Food.swift; sourceTree = "<group>"; };
		15C304EFDAFB81043B2896E5 /* _Resolver.swift */ = {isa = PBXFileReference; lastKnownFileType = sourcecode.swift; path = _Resolver.swift; sourceTree = "<group>"; };
		172E48E07BA72BCBFB305E93 /* Container.swift */ = {isa = PBXFileReference; lastKnownFileType = sourcecode.swift; path = Container.swift; sourceTree = "<group>"; };
		185C8B2BAF1CF29EB64159FC /* WeakStorageTests.swift */ = {isa = PBXFileReference; lastKnownFileType = sourcecode.swift; path = WeakStorageTests.swift; sourceTree = "<group>"; };
		19726C4D2E8898E5C05A5E38 /* ContainerTests.swift */ = {isa = PBXFileReference; lastKnownFileType = sourcecode.swift; path = ContainerTests.swift; sourceTree = "<group>"; };
		1C7608AD07FC553DAC2911FB /* ContainerTests.CustomScope.swift */ = {isa = PBXFileReference; lastKnownFileType = sourcecode.swift; path = ContainerTests.CustomScope.swift; sourceTree = "<group>"; };
		2380F40FC2B9229F36B13679 /* LoadAwareAssembly.swift */ = {isa = PBXFileReference; lastKnownFileType = sourcecode.swift; path = LoadAwareAssembly.swift; sourceTree = "<group>"; };
		28B6980B5294739C0656769C /* ServiceEntryTests.swift */ = {isa = PBXFileReference; lastKnownFileType = sourcecode.swift; path = ServiceEntryTests.swift; sourceTree = "<group>"; };
		29EB588ED052D3BAF38AFBBE /* AssemblerTests.swift */ = {isa = PBXFileReference; lastKnownFileType = sourcecode.swift; path = AssemblerTests.swift; sourceTree = "<group>"; };
		38BCCF3F950869BD1891F7A8 /* Swinject.framework */ = {isa = PBXFileReference; explicitFileType = wrapper.framework; includeInIndex = 0; path = Swinject.framework; sourceTree = BUILT_PRODUCTS_DIR; };
		39924B830576F62A4B528A37 /* UnavailableItems.swift */ = {isa = PBXFileReference; lastKnownFileType = sourcecode.swift; path = UnavailableItems.swift; sourceTree = "<group>"; };
		3B7688D6F1E3466891D0582E /* InstanceStorage.swift */ = {isa = PBXFileReference; lastKnownFileType = sourcecode.swift; path = InstanceStorage.swift; sourceTree = "<group>"; };
		46A04FC6931B56743E4B7D63 /* ContainerTests.GraphCaching.swift */ = {isa = PBXFileReference; lastKnownFileType = sourcecode.swift; path = ContainerTests.GraphCaching.swift; sourceTree = "<group>"; };
		47328731EED63322AD76FB3A /* Circularity.swift */ = {isa = PBXFileReference; lastKnownFileType = sourcecode.swift; path = Circularity.swift; sourceTree = "<group>"; };
		4744C3ABBA9A8A585C726883 /* ContainerTests.DebugHelper.swift */ = {isa = PBXFileReference; lastKnownFileType = sourcecode.swift; path = ContainerTests.DebugHelper.swift; sourceTree = "<group>"; };
		51F2541A2BC5A2EF003E3BCD /* ReadWriteLock.swift */ = {isa = PBXFileReference; fileEncoding = 4; lastKnownFileType = sourcecode.swift; path = ReadWriteLock.swift; sourceTree = "<group>"; };
		51F2541B2BC5A2EF003E3BCD /* ThreadSafeDictionary.swift */ = {isa = PBXFileReference; fileEncoding = 4; lastKnownFileType = sourcecode.swift; path = ThreadSafeDictionary.swift; sourceTree = "<group>"; };
		54FFC812F14E9976208B644F /* ServiceEntry.TypeForwarding.swift */ = {isa = PBXFileReference; lastKnownFileType = sourcecode.swift; path = ServiceEntry.TypeForwarding.swift; sourceTree = "<group>"; };
		5922B783F35F436C528594C1 /* Assembly.swift */ = {isa = PBXFileReference; lastKnownFileType = sourcecode.swift; path = Assembly.swift; sourceTree = "<group>"; };
		5F7BC1C4169BB4382C6D3E1F /* Info.plist */ = {isa = PBXFileReference; lastKnownFileType = text.plist; path = Info.plist; sourceTree = "<group>"; };
		5FCE820EE05C206E34CEF068 /* ContainerTests.CustomStringConvertible.swift */ = {isa = PBXFileReference; lastKnownFileType = sourcecode.swift; path = ContainerTests.CustomStringConvertible.swift; sourceTree = "<group>"; };
		6CCDBC7E5186CB36CD160D94 /* ServiceKeyTests.swift */ = {isa = PBXFileReference; lastKnownFileType = sourcecode.swift; path = ServiceKeyTests.swift; sourceTree = "<group>"; };
		6D434EB4C13CF9D9FA6D80CB /* Swinject.framework */ = {isa = PBXFileReference; explicitFileType = wrapper.framework; includeInIndex = 0; path = Swinject.framework; sourceTree = BUILT_PRODUCTS_DIR; };
		6D54F152C11C966ECFC55ECB /* Swinject.framework */ = {isa = PBXFileReference; explicitFileType = wrapper.framework; includeInIndex = 0; path = Swinject.framework; sourceTree = BUILT_PRODUCTS_DIR; };
		7101AB0DE88A5340F7EAAC04 /* InstanceWrapper.swift */ = {isa = PBXFileReference; lastKnownFileType = sourcecode.swift; path = InstanceWrapper.swift; sourceTree = "<group>"; };
		7287A8057A58B72EBC5C8CB9 /* LazyTests.swift */ = {isa = PBXFileReference; lastKnownFileType = sourcecode.swift; path = LazyTests.swift; sourceTree = "<group>"; };
		7605BDEF71547D0B17D7195A /* Container.TypeForwarding.swift */ = {isa = PBXFileReference; lastKnownFileType = sourcecode.swift; path = Container.TypeForwarding.swift; sourceTree = "<group>"; };
		76238B6105E2E443A94CE595 /* ServiceEntry.swift */ = {isa = PBXFileReference; lastKnownFileType = sourcecode.swift; path = ServiceEntry.swift; sourceTree = "<group>"; };
		8B9785AAE94A5447FA307242 /* Swinject.framework */ = {isa = PBXFileReference; explicitFileType = wrapper.framework; includeInIndex = 0; path = Swinject.framework; sourceTree = BUILT_PRODUCTS_DIR; };
		8F785F377C29D884F268D894 /* ContainerTests.Circularity.swift */ = {isa = PBXFileReference; lastKnownFileType = sourcecode.swift; path = ContainerTests.Circularity.swift; sourceTree = "<group>"; };
		944B981A9157833AC3397B4A /* Assembler.swift */ = {isa = PBXFileReference; lastKnownFileType = sourcecode.swift; path = Assembler.swift; sourceTree = "<group>"; };
		957AFDACC07687608E5E5F7E /* ObjectScope.swift */ = {isa = PBXFileReference; lastKnownFileType = sourcecode.swift; path = ObjectScope.swift; sourceTree = "<group>"; };
		97ECAF79D15CCE41C49F4590 /* RecursiveLock.swift */ = {isa = PBXFileReference; lastKnownFileType = sourcecode.swift; path = RecursiveLock.swift; sourceTree = "<group>"; };
		988A20A0815159E43C26CA46 /* ContainerTests.Behavior.swift */ = {isa = PBXFileReference; lastKnownFileType = sourcecode.swift; path = ContainerTests.Behavior.swift; sourceTree = "<group>"; };
		9B058F48AF289C3AC307C2F7 /* GraphIdentifier.swift */ = {isa = PBXFileReference; lastKnownFileType = sourcecode.swift; path = GraphIdentifier.swift; sourceTree = "<group>"; };
		A20C1319AF31EC7F8E6945FE /* SwinjectTests.xctest */ = {isa = PBXFileReference; explicitFileType = wrapper.cfbundle; includeInIndex = 0; path = SwinjectTests.xctest; sourceTree = BUILT_PRODUCTS_DIR; };
		A28176E7C90C61FB8131FE06 /* ProviderTests.swift */ = {isa = PBXFileReference; lastKnownFileType = sourcecode.swift; path = ProviderTests.swift; sourceTree = "<group>"; };
		A79864FE285C06A91E006806 /* ObjectScope.Standard.swift */ = {isa = PBXFileReference; lastKnownFileType = sourcecode.swift; path = ObjectScope.Standard.swift; sourceTree = "<group>"; };
		A982F3108666D12EA0810D52 /* .swiftlint.yml */ = {isa = PBXFileReference; lastKnownFileType = text.yaml; path = .swiftlint.yml; sourceTree = "<group>"; };
		AEAC51C6D09DEBE863D5A06E /* Info.plist */ = {isa = PBXFileReference; lastKnownFileType = text.plist; path = Info.plist; sourceTree = "<group>"; };
		B0F839BCDE52371FE49454B9 /* Container.Logging.swift */ = {isa = PBXFileReference; lastKnownFileType = sourcecode.swift; path = Container.Logging.swift; sourceTree = "<group>"; };
		B2DE2F37D33743FC9D1C9A08 /* Sample-iOS.playground */ = {isa = PBXFileReference; lastKnownFileType = file.playground; path = "Sample-iOS.playground"; sourceTree = "<group>"; xcLanguageSpecificationIdentifier = xcode.lang.swift; };
		B6399EDFBCD9E5DD82AC00DE /* ContainerTests.Arguments.swift */ = {isa = PBXFileReference; lastKnownFileType = sourcecode.swift; path = ContainerTests.Arguments.swift; sourceTree = "<group>"; };
		BBDE1F7FCBF0C61DE0BA3ED2 /* ContainerTests.TypeForwarding.swift */ = {isa = PBXFileReference; lastKnownFileType = sourcecode.swift; path = ContainerTests.TypeForwarding.swift; sourceTree = "<group>"; };
		BD2ED5B0128132DCD709777F /* ServiceKey.swift */ = {isa = PBXFileReference; lastKnownFileType = sourcecode.swift; path = ServiceKey.swift; sourceTree = "<group>"; };
		BEF07245CC462D98868097A3 /* BehaviorFakes.swift */ = {isa = PBXFileReference; lastKnownFileType = sourcecode.swift; path = BehaviorFakes.swift; sourceTree = "<group>"; };
		C38F57E5E5BE1DC65C3DDAF6 /* Container.Arguments.swift */ = {isa = PBXFileReference; lastKnownFileType = sourcecode.swift; path = Container.Arguments.swift; sourceTree = "<group>"; };
		C8D8BA4B04A5F517AF663DCE /* Behavior.swift */ = {isa = PBXFileReference; lastKnownFileType = sourcecode.swift; path = Behavior.swift; sourceTree = "<group>"; };
		CF9B9D41D1030BF1F491263C /* XCTestManifests.swift */ = {isa = PBXFileReference; lastKnownFileType = sourcecode.swift; path = XCTestManifests.swift; sourceTree = "<group>"; };
		D7B00D2ED19209D0C6210169 /* Person.swift */ = {isa = PBXFileReference; lastKnownFileType = sourcecode.swift; path = Person.swift; sourceTree = "<group>"; };
		DE752946EBDAC1CB5823A39E /* DebugHelper.swift */ = {isa = PBXFileReference; lastKnownFileType = sourcecode.swift; path = DebugHelper.swift; sourceTree = "<group>"; };
		E6E0A3F26E3718902E420D8E /* SynchronizedTests.swift */ = {isa = PBXFileReference; lastKnownFileType = sourcecode.swift; path = SynchronizedTests.swift; sourceTree = "<group>"; };
		EC379E27E9804FC6C0BA0842 /* Resolver.swift */ = {isa = PBXFileReference; lastKnownFileType = sourcecode.swift; path = Resolver.swift; sourceTree = "<group>"; };
		F388AD8E55D8C6F1E31D0522 /* FunctionType.swift */ = {isa = PBXFileReference; lastKnownFileType = sourcecode.swift; path = FunctionType.swift; sourceTree = "<group>"; };
		FCC59458E04C20587D870946 /* BasicAssembly.swift */ = {isa = PBXFileReference; lastKnownFileType = sourcecode.swift; path = BasicAssembly.swift; sourceTree = "<group>"; };
		FFBC1F44A2B361CB169F7B66 /* Animal.swift */ = {isa = PBXFileReference; lastKnownFileType = sourcecode.swift; path = Animal.swift; sourceTree = "<group>"; };
/* End PBXFileReference section */

/* Begin PBXFrameworksBuildPhase section */
		16516FEDD4FE27517FD0B705 /* Frameworks */ = {
			isa = PBXFrameworksBuildPhase;
			buildActionMask = 2147483647;
			files = (
				77BF219EAB4FC8475943CECC /* Swinject.framework in Frameworks */,
			);
			runOnlyForDeploymentPostprocessing = 0;
		};
		86DCF48A680580284A424AEC /* Frameworks */ = {
			isa = PBXFrameworksBuildPhase;
			buildActionMask = 2147483647;
			files = (
				55CA3AA3F28B7CC221ABEC83 /* Swinject.framework in Frameworks */,
			);
			runOnlyForDeploymentPostprocessing = 0;
		};
		C46259A41467F0B0A8E60102 /* Frameworks */ = {
			isa = PBXFrameworksBuildPhase;
			buildActionMask = 2147483647;
			files = (
				2C3EB507FFA03D18B2909405 /* Swinject.framework in Frameworks */,
			);
			runOnlyForDeploymentPostprocessing = 0;
		};
		E60011CC001C7AD5F893B84F /* Frameworks */ = {
			isa = PBXFrameworksBuildPhase;
			buildActionMask = 2147483647;
			files = (
				3DEFB7CA42D9EFF0B4FBC0F4 /* Swinject.framework in Frameworks */,
			);
			runOnlyForDeploymentPostprocessing = 0;
		};
/* End PBXFrameworksBuildPhase section */

/* Begin PBXGroup section */
		02D4026405E0F79F34991C49 /* Playgrounds */ = {
			isa = PBXGroup;
			children = (
				B2DE2F37D33743FC9D1C9A08 /* Sample-iOS.playground */,
			);
			path = Playgrounds;
			sourceTree = "<group>";
		};
		1281EF9C9707360B39DD4C11 /* SwinjectTests */ = {
			isa = PBXGroup;
			children = (
				A982F3108666D12EA0810D52 /* .swiftlint.yml */,
				FFBC1F44A2B361CB169F7B66 /* Animal.swift */,
				29EB588ED052D3BAF38AFBBE /* AssemblerTests.swift */,
				FCC59458E04C20587D870946 /* BasicAssembly.swift */,
				BEF07245CC462D98868097A3 /* BehaviorFakes.swift */,
				47328731EED63322AD76FB3A /* Circularity.swift */,
				B6399EDFBCD9E5DD82AC00DE /* ContainerTests.Arguments.swift */,
				988A20A0815159E43C26CA46 /* ContainerTests.Behavior.swift */,
				8F785F377C29D884F268D894 /* ContainerTests.Circularity.swift */,
				1C7608AD07FC553DAC2911FB /* ContainerTests.CustomScope.swift */,
				5FCE820EE05C206E34CEF068 /* ContainerTests.CustomStringConvertible.swift */,
				4744C3ABBA9A8A585C726883 /* ContainerTests.DebugHelper.swift */,
				46A04FC6931B56743E4B7D63 /* ContainerTests.GraphCaching.swift */,
				19726C4D2E8898E5C05A5E38 /* ContainerTests.swift */,
				BBDE1F7FCBF0C61DE0BA3ED2 /* ContainerTests.TypeForwarding.swift */,
				077047532310E42432E94D83 /* EmploymentAssembly.swift */,
				1271722CF77709A1173E7863 /* Food.swift */,
				AEAC51C6D09DEBE863D5A06E /* Info.plist */,
				7287A8057A58B72EBC5C8CB9 /* LazyTests.swift */,
				2380F40FC2B9229F36B13679 /* LoadAwareAssembly.swift */,
				D7B00D2ED19209D0C6210169 /* Person.swift */,
				A28176E7C90C61FB8131FE06 /* ProviderTests.swift */,
				28B6980B5294739C0656769C /* ServiceEntryTests.swift */,
				6CCDBC7E5186CB36CD160D94 /* ServiceKeyTests.swift */,
				E6E0A3F26E3718902E420D8E /* SynchronizedTests.swift */,
				185C8B2BAF1CF29EB64159FC /* WeakStorageTests.swift */,
				CF9B9D41D1030BF1F491263C /* XCTestManifests.swift */,
			);
			name = SwinjectTests;
			path = Tests/SwinjectTests;
			sourceTree = "<group>";
		};
		8EB6E58A3F28FAEBBC372598 /* Products */ = {
			isa = PBXGroup;
			children = (
				6D54F152C11C966ECFC55ECB /* Swinject.framework */,
				8B9785AAE94A5447FA307242 /* Swinject.framework */,
				6D434EB4C13CF9D9FA6D80CB /* Swinject.framework */,
				38BCCF3F950869BD1891F7A8 /* Swinject.framework */,
				A20C1319AF31EC7F8E6945FE /* SwinjectTests.xctest */,
				09FC792715B1658721F76885 /* SwinjectTests.xctest */,
				0DC67CB109091002AB433A46 /* SwinjectTests.xctest */,
				0CA449690AE00F6300DE8ACA /* SwinjectTests.xctest */,
			);
			name = Products;
			sourceTree = "<group>";
		};
		A4F7E56739BB9CB479DDDBF6 = {
			isa = PBXGroup;
			children = (
				02D4026405E0F79F34991C49 /* Playgrounds */,
				D026A6699A2A932511D29E14 /* Sources */,
				1281EF9C9707360B39DD4C11 /* SwinjectTests */,
				8EB6E58A3F28FAEBBC372598 /* Products */,
			);
			indentWidth = 4;
			sourceTree = "<group>";
			tabWidth = 4;
			usesTabs = 0;
		};
		D026A6699A2A932511D29E14 /* Sources */ = {
			isa = PBXGroup;
			children = (
				51F2541A2BC5A2EF003E3BCD /* ReadWriteLock.swift */,
				51F2541B2BC5A2EF003E3BCD /* ThreadSafeDictionary.swift */,
				15C304EFDAFB81043B2896E5 /* _Resolver.swift */,
				944B981A9157833AC3397B4A /* Assembler.swift */,
				5922B783F35F436C528594C1 /* Assembly.swift */,
				C8D8BA4B04A5F517AF663DCE /* Behavior.swift */,
				C38F57E5E5BE1DC65C3DDAF6 /* Container.Arguments.swift */,
				B0F839BCDE52371FE49454B9 /* Container.Logging.swift */,
				172E48E07BA72BCBFB305E93 /* Container.swift */,
				7605BDEF71547D0B17D7195A /* Container.TypeForwarding.swift */,
				DE752946EBDAC1CB5823A39E /* DebugHelper.swift */,
				F388AD8E55D8C6F1E31D0522 /* FunctionType.swift */,
				9B058F48AF289C3AC307C2F7 /* GraphIdentifier.swift */,
				5F7BC1C4169BB4382C6D3E1F /* Info.plist */,
				3B7688D6F1E3466891D0582E /* InstanceStorage.swift */,
				7101AB0DE88A5340F7EAAC04 /* InstanceWrapper.swift */,
				A79864FE285C06A91E006806 /* ObjectScope.Standard.swift */,
				957AFDACC07687608E5E5F7E /* ObjectScope.swift */,
				97ECAF79D15CCE41C49F4590 /* RecursiveLock.swift */,
				EC379E27E9804FC6C0BA0842 /* Resolver.swift */,
				76238B6105E2E443A94CE595 /* ServiceEntry.swift */,
				54FFC812F14E9976208B644F /* ServiceEntry.TypeForwarding.swift */,
				BD2ED5B0128132DCD709777F /* ServiceKey.swift */,
				39924B830576F62A4B528A37 /* UnavailableItems.swift */,
			);
			path = Sources;
			sourceTree = "<group>";
		};
/* End PBXGroup section */

/* Begin PBXHeadersBuildPhase section */
		43D6CE30B8C31FD93F867873 /* Headers */ = {
			isa = PBXHeadersBuildPhase;
			buildActionMask = 2147483647;
			files = (
			);
			runOnlyForDeploymentPostprocessing = 0;
		};
		A7A2E3CDFB5882B0257E3159 /* Headers */ = {
			isa = PBXHeadersBuildPhase;
			buildActionMask = 2147483647;
			files = (
			);
			runOnlyForDeploymentPostprocessing = 0;
		};
		C4E79F0F31B3D3BC2B81AB56 /* Headers */ = {
			isa = PBXHeadersBuildPhase;
			buildActionMask = 2147483647;
			files = (
			);
			runOnlyForDeploymentPostprocessing = 0;
		};
		D00E383D68494CB1E6AACABD /* Headers */ = {
			isa = PBXHeadersBuildPhase;
			buildActionMask = 2147483647;
			files = (
			);
			runOnlyForDeploymentPostprocessing = 0;
		};
/* End PBXHeadersBuildPhase section */

/* Begin PBXNativeTarget section */
		19003555F5BD009DD25F895B /* SwinjectTests-macOS */ = {
			isa = PBXNativeTarget;
			buildConfigurationList = 7C6E4A1A8FA04805EB1944EF /* Build configuration list for PBXNativeTarget "SwinjectTests-macOS" */;
			buildPhases = (
				73AFCDFC5D00F0D732517996 /* Sources */,
				262E9B8638D9B95038B5706B /* Resources */,
				C46259A41467F0B0A8E60102 /* Frameworks */,
				CBD9BCD99E0A940EB702C69C /* Embed Frameworks */,
			);
			buildRules = (
			);
			dependencies = (
				DA9D6898ECC18AB7DD850842 /* PBXTargetDependency */,
			);
			name = "SwinjectTests-macOS";
			productName = "SwinjectTests-macOS";
			productReference = 09FC792715B1658721F76885 /* SwinjectTests.xctest */;
			productType = "com.apple.product-type.bundle.unit-test";
		};
		36C7878AD0EB9515CC0F84FD /* Swinject-watchOS */ = {
			isa = PBXNativeTarget;
			buildConfigurationList = 738B2D1D24A08BC9DF448E7E /* Build configuration list for PBXNativeTarget "Swinject-watchOS" */;
			buildPhases = (
				D00E383D68494CB1E6AACABD /* Headers */,
				D1967416B2F5A9C8CC3E6DE9 /* Sources */,
				80107A9613FAD55503039EBE /* Swiftlint */,
			);
			buildRules = (
			);
			dependencies = (
			);
			name = "Swinject-watchOS";
			productName = "Swinject-watchOS";
			productReference = 38BCCF3F950869BD1891F7A8 /* Swinject.framework */;
			productType = "com.apple.product-type.framework";
		};
		978D2C823AE8C4BC19CF6644 /* SwinjectTests-watchOS */ = {
			isa = PBXNativeTarget;
			buildConfigurationList = 89A20B5671E6C872197B58C5 /* Build configuration list for PBXNativeTarget "SwinjectTests-watchOS" */;
			buildPhases = (
				854D61F2E82BBD8DC8D0D4D8 /* Sources */,
				0F7DA958641E57233D3EA15E /* Resources */,
				E60011CC001C7AD5F893B84F /* Frameworks */,
				2D035E39CA84526D9CC63AD9 /* Embed Frameworks */,
			);
			buildRules = (
			);
			dependencies = (
				CFEBFBB60A765893D05D6C9B /* PBXTargetDependency */,
			);
			name = "SwinjectTests-watchOS";
			productName = "SwinjectTests-watchOS";
			productReference = 0CA449690AE00F6300DE8ACA /* SwinjectTests.xctest */;
			productType = "com.apple.product-type.bundle.unit-test";
		};
		A79AFABFABCB5B9F43418836 /* SwinjectTests-tvOS */ = {
			isa = PBXNativeTarget;
			buildConfigurationList = B8C4390C60E3C4548EB1E9FA /* Build configuration list for PBXNativeTarget "SwinjectTests-tvOS" */;
			buildPhases = (
				B7151F9B64B3AC9391D16C87 /* Sources */,
				0054720CD05779B6332E3781 /* Resources */,
				16516FEDD4FE27517FD0B705 /* Frameworks */,
				F2EB97D88AFCA7F80B7C8639 /* Embed Frameworks */,
			);
			buildRules = (
			);
			dependencies = (
				5432762080D26E35E0C9F679 /* PBXTargetDependency */,
			);
			name = "SwinjectTests-tvOS";
			productName = "SwinjectTests-tvOS";
			productReference = 0DC67CB109091002AB433A46 /* SwinjectTests.xctest */;
			productType = "com.apple.product-type.bundle.unit-test";
		};
		D89E5CC45F90DF6490FB29BE /* Swinject-macOS */ = {
			isa = PBXNativeTarget;
			buildConfigurationList = EC81A336C016244CC478D16E /* Build configuration list for PBXNativeTarget "Swinject-macOS" */;
			buildPhases = (
				C4E79F0F31B3D3BC2B81AB56 /* Headers */,
				1EE1AA2229BD55651264DE1C /* Sources */,
				AE41ACA314E71B101AEB21D6 /* Swiftlint */,
			);
			buildRules = (
			);
			dependencies = (
			);
			name = "Swinject-macOS";
			productName = "Swinject-macOS";
			productReference = 8B9785AAE94A5447FA307242 /* Swinject.framework */;
			productType = "com.apple.product-type.framework";
		};
		E7478BD32F27B1303B4CC0CE /* SwinjectTests-iOS */ = {
			isa = PBXNativeTarget;
			buildConfigurationList = DB6746A14EAA2D9AFE0941EF /* Build configuration list for PBXNativeTarget "SwinjectTests-iOS" */;
			buildPhases = (
				456DC259176D0BA0F4BC483F /* Sources */,
				C6E12F381D793E1CB1BB4511 /* Resources */,
				86DCF48A680580284A424AEC /* Frameworks */,
				AE08887D155511B89B66C931 /* Embed Frameworks */,
			);
			buildRules = (
			);
			dependencies = (
				D3D5CCA83D2B24A0864D0701 /* PBXTargetDependency */,
			);
			name = "SwinjectTests-iOS";
			productName = "SwinjectTests-iOS";
			productReference = A20C1319AF31EC7F8E6945FE /* SwinjectTests.xctest */;
			productType = "com.apple.product-type.bundle.unit-test";
		};
		EFE66E56E1E06404E473072E /* Swinject-iOS */ = {
			isa = PBXNativeTarget;
			buildConfigurationList = 6FF2AC373500D96FCE14309C /* Build configuration list for PBXNativeTarget "Swinject-iOS" */;
			buildPhases = (
				43D6CE30B8C31FD93F867873 /* Headers */,
				DE1F15B8A1E146A7D79058CB /* Sources */,
				D8D2139B984EFAD79C4287D1 /* Swiftlint */,
			);
			buildRules = (
			);
			dependencies = (
			);
			name = "Swinject-iOS";
			productName = "Swinject-iOS";
			productReference = 6D54F152C11C966ECFC55ECB /* Swinject.framework */;
			productType = "com.apple.product-type.framework";
		};
		FFB12C2BA1D9FE458CAE83D0 /* Swinject-tvOS */ = {
			isa = PBXNativeTarget;
			buildConfigurationList = AEF69A9E70CC4C532CFD6F00 /* Build configuration list for PBXNativeTarget "Swinject-tvOS" */;
			buildPhases = (
				A7A2E3CDFB5882B0257E3159 /* Headers */,
				C9A37505DE235E583A62C083 /* Sources */,
				17AF513E165644E141786D82 /* Swiftlint */,
			);
			buildRules = (
			);
			dependencies = (
			);
			name = "Swinject-tvOS";
			productName = "Swinject-tvOS";
			productReference = 6D434EB4C13CF9D9FA6D80CB /* Swinject.framework */;
			productType = "com.apple.product-type.framework";
		};
/* End PBXNativeTarget section */

/* Begin PBXProject section */
		2224A31D363E48B57671956F /* Project object */ = {
			isa = PBXProject;
			attributes = {
				LastUpgradeCheck = 1200;
			};
			buildConfigurationList = 0102B3F56FB5455C665EC043 /* Build configuration list for PBXProject "Swinject" */;
			compatibilityVersion = "Xcode 10.0";
			developmentRegion = en;
			hasScannedForEncodings = 0;
			knownRegions = (
				Base,
				en,
			);
			mainGroup = A4F7E56739BB9CB479DDDBF6;
			projectDirPath = "";
			projectRoot = "";
			targets = (
				EFE66E56E1E06404E473072E /* Swinject-iOS */,
				D89E5CC45F90DF6490FB29BE /* Swinject-macOS */,
				FFB12C2BA1D9FE458CAE83D0 /* Swinject-tvOS */,
				36C7878AD0EB9515CC0F84FD /* Swinject-watchOS */,
				E7478BD32F27B1303B4CC0CE /* SwinjectTests-iOS */,
				19003555F5BD009DD25F895B /* SwinjectTests-macOS */,
				A79AFABFABCB5B9F43418836 /* SwinjectTests-tvOS */,
				978D2C823AE8C4BC19CF6644 /* SwinjectTests-watchOS */,
			);
		};
/* End PBXProject section */

/* Begin PBXResourcesBuildPhase section */
		0054720CD05779B6332E3781 /* Resources */ = {
			isa = PBXResourcesBuildPhase;
			buildActionMask = 2147483647;
			files = (
				2D9218F1639E2298778A9539 /* .swiftlint.yml in Resources */,
			);
			runOnlyForDeploymentPostprocessing = 0;
		};
		0F7DA958641E57233D3EA15E /* Resources */ = {
			isa = PBXResourcesBuildPhase;
			buildActionMask = 2147483647;
			files = (
				46B1E26C8AC0CF5FABB466F9 /* .swiftlint.yml in Resources */,
			);
			runOnlyForDeploymentPostprocessing = 0;
		};
		262E9B8638D9B95038B5706B /* Resources */ = {
			isa = PBXResourcesBuildPhase;
			buildActionMask = 2147483647;
			files = (
				6B207B33C9C0ECF6D899E96D /* .swiftlint.yml in Resources */,
			);
			runOnlyForDeploymentPostprocessing = 0;
		};
		C6E12F381D793E1CB1BB4511 /* Resources */ = {
			isa = PBXResourcesBuildPhase;
			buildActionMask = 2147483647;
			files = (
				5932CEBED2AC3924FAB3A2D3 /* .swiftlint.yml in Resources */,
			);
			runOnlyForDeploymentPostprocessing = 0;
		};
/* End PBXResourcesBuildPhase section */

/* Begin PBXShellScriptBuildPhase section */
		17AF513E165644E141786D82 /* Swiftlint */ = {
			isa = PBXShellScriptBuildPhase;
			buildActionMask = 2147483647;
			files = (
			);
			inputFileListPaths = (
			);
			inputPaths = (
			);
			name = Swiftlint;
			outputFileListPaths = (
			);
			outputPaths = (
			);
			runOnlyForDeploymentPostprocessing = 0;
			shellPath = /bin/sh;
			shellScript = "if [[ \"$(uname -m)\" == arm64 ]]; then\n    export PATH=\"/opt/homebrew/bin:$PATH\"\nfi\n\nif which swiftlint > /dev/null; then\n  swiftlint\nelse\n  echo \"warning: SwiftLint not installed, download from https://github.com/realm/SwiftLint\"\nfi\n";
		};
		80107A9613FAD55503039EBE /* Swiftlint */ = {
			isa = PBXShellScriptBuildPhase;
			buildActionMask = 2147483647;
			files = (
			);
			inputFileListPaths = (
			);
			inputPaths = (
			);
			name = Swiftlint;
			outputFileListPaths = (
			);
			outputPaths = (
			);
			runOnlyForDeploymentPostprocessing = 0;
			shellPath = /bin/sh;
			shellScript = "if [[ \"$(uname -m)\" == arm64 ]]; then\n    export PATH=\"/opt/homebrew/bin:$PATH\"\nfi\n\nif which swiftlint > /dev/null; then\n  swiftlint\nelse\n  echo \"warning: SwiftLint not installed, download from https://github.com/realm/SwiftLint\"\nfi\n";
		};
		AE41ACA314E71B101AEB21D6 /* Swiftlint */ = {
			isa = PBXShellScriptBuildPhase;
			buildActionMask = 2147483647;
			files = (
			);
			inputFileListPaths = (
			);
			inputPaths = (
			);
			name = Swiftlint;
			outputFileListPaths = (
			);
			outputPaths = (
			);
			runOnlyForDeploymentPostprocessing = 0;
			shellPath = /bin/sh;
			shellScript = "if [[ \"$(uname -m)\" == arm64 ]]; then\n    export PATH=\"/opt/homebrew/bin:$PATH\"\nfi\n\nif which swiftlint > /dev/null; then\n  swiftlint\nelse\n  echo \"warning: SwiftLint not installed, download from https://github.com/realm/SwiftLint\"\nfi\n";
		};
		D8D2139B984EFAD79C4287D1 /* Swiftlint */ = {
			isa = PBXShellScriptBuildPhase;
			buildActionMask = 2147483647;
			files = (
			);
			inputFileListPaths = (
			);
			inputPaths = (
			);
			name = Swiftlint;
			outputFileListPaths = (
			);
			outputPaths = (
			);
			runOnlyForDeploymentPostprocessing = 0;
			shellPath = /bin/sh;
			shellScript = "if [[ \"$(uname -m)\" == arm64 ]]; then\n    export PATH=\"/opt/homebrew/bin:$PATH\"\nfi\n\nif which swiftlint > /dev/null; then\n  swiftlint\nelse\n  echo \"warning: SwiftLint not installed, download from https://github.com/realm/SwiftLint\"\nfi\n";
		};
/* End PBXShellScriptBuildPhase section */

/* Begin PBXSourcesBuildPhase section */
		1EE1AA2229BD55651264DE1C /* Sources */ = {
			isa = PBXSourcesBuildPhase;
			buildActionMask = 2147483647;
			files = (
				602201FE3E6CC64F594DEBA1 /* Assembler.swift in Sources */,
				A5D9F0A6D8FC89662658FBF3 /* Assembly.swift in Sources */,
				FE07C0CCCD45639FBF85A456 /* Behavior.swift in Sources */,
				9FF7BABC0BA21A89A755E37C /* Container.Arguments.swift in Sources */,
				363C4230CAC4547E7A676249 /* Container.Logging.swift in Sources */,
				1B36EE582AD6251A33C956F2 /* Container.TypeForwarding.swift in Sources */,
				4A1AEFDC62BC395924AB2355 /* Container.swift in Sources */,
				BAB2886500919D428F97215A /* DebugHelper.swift in Sources */,
				23A8D7543ED9973F04C5BC93 /* FunctionType.swift in Sources */,
				706A459CAE24E0D5054CEC30 /* GraphIdentifier.swift in Sources */,
				B55E915211F19C91C622E068 /* InstanceStorage.swift in Sources */,
				BB78B5DA95DCE3A942C18910 /* InstanceWrapper.swift in Sources */,
				055969F9EA3C1AD43B11E006 /* ObjectScope.Standard.swift in Sources */,
				62A1539A3B07EE3E1B72CF95 /* ObjectScope.swift in Sources */,
				06B6204600E208CA97750825 /* RecursiveLock.swift in Sources */,
				5BB768EFEB4BA7D1D05B4DCC /* Resolver.swift in Sources */,
				51F2541D2BC5A2EF003E3BCD /* ReadWriteLock.swift in Sources */,
				3D86E87634E427DCE7A8CF81 /* ServiceEntry.TypeForwarding.swift in Sources */,
				513BDFB32DCE5B048672C33D /* ServiceEntry.swift in Sources */,
				51F254212BC5A2EF003E3BCD /* ThreadSafeDictionary.swift in Sources */,
				A39172D39FE39D24A12A7257 /* ServiceKey.swift in Sources */,
				68DA3B5FB308092FE9B5C733 /* UnavailableItems.swift in Sources */,
				138D38987ED00235C384DD26 /* _Resolver.swift in Sources */,
			);
			runOnlyForDeploymentPostprocessing = 0;
		};
		456DC259176D0BA0F4BC483F /* Sources */ = {
			isa = PBXSourcesBuildPhase;
			buildActionMask = 2147483647;
			files = (
				12BDC39E183E9F24A676930B /* Animal.swift in Sources */,
				EA4DD6B2C80E8973EA460F14 /* AssemblerTests.swift in Sources */,
				1C1C0CB3F19349057B4FBDE1 /* BasicAssembly.swift in Sources */,
				235DD35BC7B8CE15BA46A677 /* BehaviorFakes.swift in Sources */,
				F355D8940486AF9DE89DD22E /* Circularity.swift in Sources */,
				374D3B4A2A2163726B4E55BC /* ContainerTests.Arguments.swift in Sources */,
				C578E997A0076FB320475132 /* ContainerTests.Behavior.swift in Sources */,
				4C06628453523BB76531404F /* ContainerTests.Circularity.swift in Sources */,
				EBB561398EE319A46C487059 /* ContainerTests.CustomScope.swift in Sources */,
				22873F55E9E82B96A53045C3 /* ContainerTests.CustomStringConvertible.swift in Sources */,
				DF6980E257546DD6CB21A2CF /* ContainerTests.DebugHelper.swift in Sources */,
				A1122137DBD0A777A0D622C2 /* ContainerTests.GraphCaching.swift in Sources */,
				026337CCA37580CB223C94AD /* ContainerTests.TypeForwarding.swift in Sources */,
				9C55E77735F428B886AD639A /* ContainerTests.swift in Sources */,
				1276420B3D3ED5ACFC2C5B4F /* EmploymentAssembly.swift in Sources */,
				0266A3114C82246F18B52860 /* Food.swift in Sources */,
				BAB510EEEBDD444BA65E0003 /* LazyTests.swift in Sources */,
				471EEA7C90D1AEA45CAC0236 /* LoadAwareAssembly.swift in Sources */,
				2A87CB8C62E83CCF6B71A037 /* Person.swift in Sources */,
				27D6AC59924DFD8098A40E05 /* ProviderTests.swift in Sources */,
				DD3BDAD424848F5F4A92C21A /* ServiceEntryTests.swift in Sources */,
				3468E4E54CCE05659D01DA4F /* ServiceKeyTests.swift in Sources */,
				932DE4C2C5F6D61C52062AEF /* SynchronizedTests.swift in Sources */,
				097ACF95FFBE85F427E287AA /* WeakStorageTests.swift in Sources */,
				3EB863C3A6A466F76F1A01B0 /* XCTestManifests.swift in Sources */,
			);
			runOnlyForDeploymentPostprocessing = 0;
		};
		73AFCDFC5D00F0D732517996 /* Sources */ = {
			isa = PBXSourcesBuildPhase;
			buildActionMask = 2147483647;
			files = (
				B78D64DC2B0332D562F39A82 /* Animal.swift in Sources */,
				0C5D13C26A3F499D503B35FA /* AssemblerTests.swift in Sources */,
				9ECC88CB09E13FD179A1ED8E /* BasicAssembly.swift in Sources */,
				FF9DCB0AB20B0DBBE79451BB /* BehaviorFakes.swift in Sources */,
				F82A2357F3C86D24E1E1D712 /* Circularity.swift in Sources */,
				96E113959C6AF4C512C95B0F /* ContainerTests.Arguments.swift in Sources */,
				31C021202AAC21C893F790A9 /* ContainerTests.Behavior.swift in Sources */,
				DAB7F0C574E1C33C92C455A5 /* ContainerTests.Circularity.swift in Sources */,
				6D27D9EE441200FF1F6637CA /* ContainerTests.CustomScope.swift in Sources */,
				ED97A21AE7F99626D9E8BB80 /* ContainerTests.CustomStringConvertible.swift in Sources */,
				C7C1DD107809E8C3C728C199 /* ContainerTests.DebugHelper.swift in Sources */,
				303FAEDDC56720EB793ABE64 /* ContainerTests.GraphCaching.swift in Sources */,
				23F35AAA23D4C8B93F0CBCA9 /* ContainerTests.TypeForwarding.swift in Sources */,
				C2FC1D884393948DEC69E6FE /* ContainerTests.swift in Sources */,
				75A776D4072BCF74F298D818 /* EmploymentAssembly.swift in Sources */,
				44676A0D0399F323A31E0451 /* Food.swift in Sources */,
				75DC16A87FD15168ACDEEAA3 /* LazyTests.swift in Sources */,
				4D35CD2C4FD5788F087A4D51 /* LoadAwareAssembly.swift in Sources */,
				B3F7F3FB03EB048B16B05620 /* Person.swift in Sources */,
				A8539D3DC8D838ED6A156403 /* ProviderTests.swift in Sources */,
				6E851F52EEEB317D07B6E0EC /* ServiceEntryTests.swift in Sources */,
				3D93500066D78A0E6F6B6D7A /* ServiceKeyTests.swift in Sources */,
				FCF3A63712ECD9E5BE371DC7 /* SynchronizedTests.swift in Sources */,
				F73BFA36FB4432C826A3785C /* WeakStorageTests.swift in Sources */,
				29406617AEC8A11DE712FF4E /* XCTestManifests.swift in Sources */,
			);
			runOnlyForDeploymentPostprocessing = 0;
		};
		854D61F2E82BBD8DC8D0D4D8 /* Sources */ = {
			isa = PBXSourcesBuildPhase;
			buildActionMask = 2147483647;
			files = (
				AA4990BFDE1BA41947B9C140 /* Animal.swift in Sources */,
				2B3B278BF277E162E14A2B4C /* AssemblerTests.swift in Sources */,
				6443FB8C5B3DD95740287398 /* BasicAssembly.swift in Sources */,
				0CAD0368F908D3D285C6A9A9 /* BehaviorFakes.swift in Sources */,
				69A27AA36C90A4D4A5FDDEFC /* Circularity.swift in Sources */,
				56F7004F323632D46B60D750 /* ContainerTests.Arguments.swift in Sources */,
				BCDBFF75F368C980B6DA4BFE /* ContainerTests.Behavior.swift in Sources */,
				88D3B360E738AE936A4C3FC1 /* ContainerTests.Circularity.swift in Sources */,
				2AE466B9D1628876CEB4E0D6 /* ContainerTests.CustomScope.swift in Sources */,
				80837E0E78055050D6B7F762 /* ContainerTests.CustomStringConvertible.swift in Sources */,
				61DED52B00D94B5B4C983799 /* ContainerTests.DebugHelper.swift in Sources */,
				8FFD06CBA917E2E4A48D9FAB /* ContainerTests.GraphCaching.swift in Sources */,
				49841791CDAE68611B7E9212 /* ContainerTests.TypeForwarding.swift in Sources */,
				1C084C2AF7B98A21D8B1E35B /* ContainerTests.swift in Sources */,
				3A41F4B375C1CE29A75F6AE9 /* EmploymentAssembly.swift in Sources */,
				115515373F266C35E8DBE724 /* Food.swift in Sources */,
				E812FB9CF4563E8706B9B5F9 /* LazyTests.swift in Sources */,
				BA36EC78ECA2701853CD3E12 /* LoadAwareAssembly.swift in Sources */,
				ED19CAF7B39978B3CDF2013E /* Person.swift in Sources */,
				984BA82B469FF3ECA7607196 /* ProviderTests.swift in Sources */,
				73390576F317FC0A851046B8 /* ServiceEntryTests.swift in Sources */,
				73906701DF9BE9870A55F291 /* ServiceKeyTests.swift in Sources */,
				F945C7963B1566A1C3DAC3FA /* SynchronizedTests.swift in Sources */,
				2A7B601317F40EB29F006A9A /* WeakStorageTests.swift in Sources */,
				5734BDE2F4A4934ACF64A303 /* XCTestManifests.swift in Sources */,
			);
			runOnlyForDeploymentPostprocessing = 0;
		};
		B7151F9B64B3AC9391D16C87 /* Sources */ = {
			isa = PBXSourcesBuildPhase;
			buildActionMask = 2147483647;
			files = (
				270E79D1962E06A934455167 /* Animal.swift in Sources */,
				BE3889327CE4A24631B91350 /* AssemblerTests.swift in Sources */,
				5D17DB72B4986D174D69135B /* BasicAssembly.swift in Sources */,
				1BA2596EFB6E7BF4D46E3C9D /* BehaviorFakes.swift in Sources */,
				0E5336910C7B0A00E588940E /* Circularity.swift in Sources */,
				A87B2787A32FAA3254700F90 /* ContainerTests.Arguments.swift in Sources */,
				12984E4749F7C882055D380F /* ContainerTests.Behavior.swift in Sources */,
				0CC89E82308CF2FFF0CCC267 /* ContainerTests.Circularity.swift in Sources */,
				B318650FD853DCD0ADE179DF /* ContainerTests.CustomScope.swift in Sources */,
				2E533A7E458D3EB2FFBE1586 /* ContainerTests.CustomStringConvertible.swift in Sources */,
				169235A36E20BDA12AE4AC91 /* ContainerTests.DebugHelper.swift in Sources */,
				545B9E4AD1990F07C3C8AB5E /* ContainerTests.GraphCaching.swift in Sources */,
				9075CBEEA86A2C4D336D8792 /* ContainerTests.TypeForwarding.swift in Sources */,
				E8D611574436C915DACB6B28 /* ContainerTests.swift in Sources */,
				1613AE7671758A85F760C5DF /* EmploymentAssembly.swift in Sources */,
				4736BF9B29704061B29BFACD /* Food.swift in Sources */,
				8C0A761D6EEA3BB4E3075810 /* LazyTests.swift in Sources */,
				D210E7349E119368A741DB2F /* LoadAwareAssembly.swift in Sources */,
				FCC32CC413C08CF94D7F661E /* Person.swift in Sources */,
				982C0E8887466F38FDCABABF /* ProviderTests.swift in Sources */,
				DD86062A00239AAC86F3F209 /* ServiceEntryTests.swift in Sources */,
				282FA07B68C61B03555E1252 /* ServiceKeyTests.swift in Sources */,
				5B9D364DB69998633C834BB8 /* SynchronizedTests.swift in Sources */,
				3533E2B0A0ABB853DA4A2381 /* WeakStorageTests.swift in Sources */,
				9189A052D2867EB12421B259 /* XCTestManifests.swift in Sources */,
			);
			runOnlyForDeploymentPostprocessing = 0;
		};
		C9A37505DE235E583A62C083 /* Sources */ = {
			isa = PBXSourcesBuildPhase;
			buildActionMask = 2147483647;
			files = (
				474A4D73269D7BDF0844D704 /* Assembler.swift in Sources */,
				81AE1BCE31BC99440151A68F /* Assembly.swift in Sources */,
				2C838FEC75D618B575750A17 /* Behavior.swift in Sources */,
				1DB36B1F8919879607F67F35 /* Container.Arguments.swift in Sources */,
				9D78DAAC0307D9422C501D33 /* Container.Logging.swift in Sources */,
				5488A7839EF00BAC43CE2CEE /* Container.TypeForwarding.swift in Sources */,
				D56BD23EC91E28CE6C6D6E78 /* Container.swift in Sources */,
				0126F47EDE97A611D184682F /* DebugHelper.swift in Sources */,
				C34362994B2581F04EB818A2 /* FunctionType.swift in Sources */,
				59AB5E84FD9B11B7D1CA2401 /* GraphIdentifier.swift in Sources */,
				FF222640214C9F4DA56130C4 /* InstanceStorage.swift in Sources */,
				7000D01DCB05BF57BC89BCF8 /* InstanceWrapper.swift in Sources */,
				FEAF6DE7BBDD922B61E0ED20 /* ObjectScope.Standard.swift in Sources */,
				B9566410214991FBA727BB37 /* ObjectScope.swift in Sources */,
				C7A673429D2B735BAC18F58E /* RecursiveLock.swift in Sources */,
				EE4786524E79B10DB36FDB11 /* Resolver.swift in Sources */,
				51F2541E2BC5A2EF003E3BCD /* ReadWriteLock.swift in Sources */,
				54A3ED20B6A9506B9D514098 /* ServiceEntry.TypeForwarding.swift in Sources */,
				1A2759577A52C96E28BB44F0 /* ServiceEntry.swift in Sources */,
				51F254222BC5A2EF003E3BCD /* ThreadSafeDictionary.swift in Sources */,
				AEE58DEFB1764391B49E4EA0 /* ServiceKey.swift in Sources */,
				58654C80A0946909D44F6BAD /* UnavailableItems.swift in Sources */,
				D4D93174FF22D805953A727A /* _Resolver.swift in Sources */,
			);
			runOnlyForDeploymentPostprocessing = 0;
		};
		D1967416B2F5A9C8CC3E6DE9 /* Sources */ = {
			isa = PBXSourcesBuildPhase;
			buildActionMask = 2147483647;
			files = (
				8F8BF2FFD2D666C4EE71E796 /* Assembler.swift in Sources */,
				695E6FF61B8CD35434685835 /* Assembly.swift in Sources */,
				4D667425CB08BF894C1A78AA /* Behavior.swift in Sources */,
				5BAC0A607F822D6205DA6178 /* Container.Arguments.swift in Sources */,
				40FCA2AB08F4EA23096075AB /* Container.Logging.swift in Sources */,
				1AF1BB032596F2ADF9021F90 /* Container.TypeForwarding.swift in Sources */,
				52E4C2C279904E90D5F37204 /* Container.swift in Sources */,
				CF05649033EABCF21B15C535 /* DebugHelper.swift in Sources */,
				F98A1B2A226EE26A13C67F34 /* FunctionType.swift in Sources */,
				CC64B74A022612990F57D51D /* GraphIdentifier.swift in Sources */,
				D6B0E0FA93AD8D47AA07AE03 /* InstanceStorage.swift in Sources */,
				6A352D6A2C12D7BDABC38645 /* InstanceWrapper.swift in Sources */,
				BDCBFD62903A1C0F8B35797C /* ObjectScope.Standard.swift in Sources */,
				130DDD2347169F885F420989 /* ObjectScope.swift in Sources */,
				48B5EC6BADDE7B88260ADE44 /* RecursiveLock.swift in Sources */,
				9CD3F07823D2E64DD636E00A /* Resolver.swift in Sources */,
				51F2541F2BC5A2EF003E3BCD /* ReadWriteLock.swift in Sources */,
				1845CF466289264A5BBC0CCE /* ServiceEntry.TypeForwarding.swift in Sources */,
				35C9BCE88B6D6567760D7389 /* ServiceEntry.swift in Sources */,
				51F254232BC5A2EF003E3BCD /* ThreadSafeDictionary.swift in Sources */,
				3957BFF436703E5C0434D41E /* ServiceKey.swift in Sources */,
				95070453A9934F08F9E02E6C /* UnavailableItems.swift in Sources */,
				FA6DD52FA4D4BB157A43CBEE /* _Resolver.swift in Sources */,
			);
			runOnlyForDeploymentPostprocessing = 0;
		};
		DE1F15B8A1E146A7D79058CB /* Sources */ = {
			isa = PBXSourcesBuildPhase;
			buildActionMask = 2147483647;
			files = (
				FED7D8B8C74876D03B5D09DE /* Assembler.swift in Sources */,
				5010597DD8C25E6684C8087E /* Assembly.swift in Sources */,
				C60108843AA83DF2B408EE87 /* Behavior.swift in Sources */,
				AD91C0A080A7CE74369407E7 /* Container.Arguments.swift in Sources */,
				77E67A2C566A1DFD5407BBA4 /* Container.Logging.swift in Sources */,
				0F6B596CC2F819EF9CF5FE75 /* Container.TypeForwarding.swift in Sources */,
				BF6475BEA46F81B30A6FA19E /* Container.swift in Sources */,
				8329CE24DE7D6FB1A6D88B17 /* DebugHelper.swift in Sources */,
				8586EE67C32C467F3716DFFA /* FunctionType.swift in Sources */,
				0C56E93B497BBA17B0E408F4 /* GraphIdentifier.swift in Sources */,
				AB05847EAB8D85A8679B5EC5 /* InstanceStorage.swift in Sources */,
				61357D47A1C4870FAA34377C /* InstanceWrapper.swift in Sources */,
				FA89EFC16AEAC2EC333CEA81 /* ObjectScope.Standard.swift in Sources */,
				40DCC9D2F3ABC2B36C9DC8AE /* ObjectScope.swift in Sources */,
				8B9E356593059568E55F9B06 /* RecursiveLock.swift in Sources */,
				96BA7CCC6AEC192CAD3054E1 /* Resolver.swift in Sources */,
				51F2541C2BC5A2EF003E3BCD /* ReadWriteLock.swift in Sources */,
				1120EBEC146D1EDDCC29AB17 /* ServiceEntry.TypeForwarding.swift in Sources */,
				808983B2AF095E481615029E /* ServiceEntry.swift in Sources */,
				51F254202BC5A2EF003E3BCD /* ThreadSafeDictionary.swift in Sources */,
				E28F56015BFBB47A791856D3 /* ServiceKey.swift in Sources */,
				4D631FA98F95F809740D6585 /* UnavailableItems.swift in Sources */,
				7E57CE64E1356423F0F89FD3 /* _Resolver.swift in Sources */,
			);
			runOnlyForDeploymentPostprocessing = 0;
		};
/* End PBXSourcesBuildPhase section */

/* Begin PBXTargetDependency section */
		5432762080D26E35E0C9F679 /* PBXTargetDependency */ = {
			isa = PBXTargetDependency;
			target = FFB12C2BA1D9FE458CAE83D0 /* Swinject-tvOS */;
			targetProxy = 0398E4F685979C8F56F7FB53 /* PBXContainerItemProxy */;
		};
		CFEBFBB60A765893D05D6C9B /* PBXTargetDependency */ = {
			isa = PBXTargetDependency;
			target = 36C7878AD0EB9515CC0F84FD /* Swinject-watchOS */;
			targetProxy = FEE51FBABE119F387DF3E199 /* PBXContainerItemProxy */;
		};
		D3D5CCA83D2B24A0864D0701 /* PBXTargetDependency */ = {
			isa = PBXTargetDependency;
			target = EFE66E56E1E06404E473072E /* Swinject-iOS */;
			targetProxy = 6463E92C1B73728AE4646473 /* PBXContainerItemProxy */;
		};
		DA9D6898ECC18AB7DD850842 /* PBXTargetDependency */ = {
			isa = PBXTargetDependency;
			target = D89E5CC45F90DF6490FB29BE /* Swinject-macOS */;
			targetProxy = C9A1EE6892F51C7FC46F7ECC /* PBXContainerItemProxy */;
		};
/* End PBXTargetDependency section */

/* Begin XCBuildConfiguration section */
		06BD173790BC6F9109DAE2AF /* Debug */ = {
			isa = XCBuildConfiguration;
			buildSettings = {
				ALWAYS_SEARCH_USER_PATHS = NO;
				CLANG_ANALYZER_NONNULL = YES;
				CLANG_ANALYZER_NUMBER_OBJECT_CONVERSION = YES_AGGRESSIVE;
				CLANG_CXX_LANGUAGE_STANDARD = "gnu++14";
				CLANG_CXX_LIBRARY = "libc++";
				CLANG_ENABLE_MODULES = YES;
				CLANG_ENABLE_OBJC_ARC = YES;
				CLANG_ENABLE_OBJC_WEAK = YES;
				CLANG_WARN_BLOCK_CAPTURE_AUTORELEASING = YES;
				CLANG_WARN_BOOL_CONVERSION = YES;
				CLANG_WARN_COMMA = YES;
				CLANG_WARN_CONSTANT_CONVERSION = YES;
				CLANG_WARN_DEPRECATED_OBJC_IMPLEMENTATIONS = YES;
				CLANG_WARN_DIRECT_OBJC_ISA_USAGE = YES_ERROR;
				CLANG_WARN_DOCUMENTATION_COMMENTS = YES;
				CLANG_WARN_EMPTY_BODY = YES;
				CLANG_WARN_ENUM_CONVERSION = YES;
				CLANG_WARN_INFINITE_RECURSION = YES;
				CLANG_WARN_INT_CONVERSION = YES;
				CLANG_WARN_NON_LITERAL_NULL_CONVERSION = YES;
				CLANG_WARN_OBJC_IMPLICIT_RETAIN_SELF = YES;
				CLANG_WARN_OBJC_LITERAL_CONVERSION = YES;
				CLANG_WARN_OBJC_ROOT_CLASS = YES_ERROR;
				CLANG_WARN_QUOTED_INCLUDE_IN_FRAMEWORK_HEADER = YES;
				CLANG_WARN_RANGE_LOOP_ANALYSIS = YES;
				CLANG_WARN_STRICT_PROTOTYPES = YES;
				CLANG_WARN_SUSPICIOUS_MOVE = YES;
				CLANG_WARN_UNGUARDED_AVAILABILITY = YES_AGGRESSIVE;
				CLANG_WARN_UNREACHABLE_CODE = YES;
				CLANG_WARN__DUPLICATE_METHOD_MATCH = YES;
				COPY_PHASE_STRIP = NO;
				DEBUG_INFORMATION_FORMAT = dwarf;
				ENABLE_STRICT_OBJC_MSGSEND = YES;
				ENABLE_TESTABILITY = YES;
				GCC_C_LANGUAGE_STANDARD = gnu11;
				GCC_DYNAMIC_NO_PIC = NO;
				GCC_NO_COMMON_BLOCKS = YES;
				GCC_OPTIMIZATION_LEVEL = 0;
				GCC_PREPROCESSOR_DEFINITIONS = (
					"$(inherited)",
					"DEBUG=1",
				);
				GCC_WARN_64_TO_32_BIT_CONVERSION = YES;
				GCC_WARN_ABOUT_RETURN_TYPE = YES_ERROR;
				GCC_WARN_UNDECLARED_SELECTOR = YES;
				GCC_WARN_UNINITIALIZED_AUTOS = YES_AGGRESSIVE;
				GCC_WARN_UNUSED_FUNCTION = YES;
				GCC_WARN_UNUSED_VARIABLE = YES;
				IPHONEOS_DEPLOYMENT_TARGET = 11.0;
				MACOSX_DEPLOYMENT_TARGET = 10.13;
				MTL_ENABLE_DEBUG_INFO = INCLUDE_SOURCE;
				MTL_FAST_MATH = YES;
				ONLY_ACTIVE_ARCH = YES;
				PRODUCT_NAME = "$(TARGET_NAME)";
				SWIFT_ACTIVE_COMPILATION_CONDITIONS = DEBUG;
				SWIFT_OPTIMIZATION_LEVEL = "-Onone";
				SWIFT_VERSION = 5.0;
				TVOS_DEPLOYMENT_TARGET = 11.0;
				WATCHOS_DEPLOYMENT_TARGET = 4.0;
			};
			name = Debug;
		};
		125AD23D9A7A7C6A655A39FB /* Debug */ = {
			isa = XCBuildConfiguration;
			buildSettings = {
				BUNDLE_LOADER = "$(TEST_HOST)";
				INFOPLIST_FILE = Tests/SwinjectTests/Info.plist;
				LD_RUNPATH_SEARCH_PATHS = (
					"$(inherited)",
					"@executable_path/Frameworks",
					"@loader_path/Frameworks",
				);
				PRODUCT_BUNDLE_IDENTIFIER = "com.el-eleven.SwinjectTests-iOS";
				PRODUCT_NAME = SwinjectTests;
				SDKROOT = iphoneos;
				TARGETED_DEVICE_FAMILY = "1,2";
			};
			name = Debug;
		};
		13F51FF37DF6E9A493543523 /* Release */ = {
			isa = XCBuildConfiguration;
			buildSettings = {
				APPLICATION_EXTENSION_API_ONLY = YES;
				BUILD_LIBRARY_FOR_DISTRIBUTION = YES;
				CODE_SIGN_IDENTITY = "";
				CURRENT_PROJECT_VERSION = 1;
				DEFINES_MODULE = YES;
				DYLIB_COMPATIBILITY_VERSION = 1;
				DYLIB_CURRENT_VERSION = 1;
				DYLIB_INSTALL_NAME_BASE = "@rpath";
				INFOPLIST_FILE = Sources/Info.plist;
				INSTALL_PATH = "$(LOCAL_LIBRARY_DIR)/Frameworks";
				PRODUCT_BUNDLE_IDENTIFIER = "com.el-eleven.Swinject-watchOS";
				PRODUCT_NAME = Swinject;
				RUN_DOCUMENTATION_COMPILER = YES;
				SDKROOT = watchos;
				SKIP_INSTALL = YES;
				TARGETED_DEVICE_FAMILY = 4;
				VERSIONING_SYSTEM = "apple-generic";
			};
			name = Release;
		};
		1BE46B86572D2F23F503C877 /* Debug */ = {
			isa = XCBuildConfiguration;
			buildSettings = {
				APPLICATION_EXTENSION_API_ONLY = YES;
				BUILD_LIBRARY_FOR_DISTRIBUTION = YES;
				CODE_SIGN_IDENTITY = "";
				COMBINE_HIDPI_IMAGES = YES;
				CURRENT_PROJECT_VERSION = 1;
				DEFINES_MODULE = YES;
				DYLIB_COMPATIBILITY_VERSION = 1;
				DYLIB_CURRENT_VERSION = 1;
				DYLIB_INSTALL_NAME_BASE = "@rpath";
				INFOPLIST_FILE = Sources/Info.plist;
				INSTALL_PATH = "$(LOCAL_LIBRARY_DIR)/Frameworks";
				LD_RUNPATH_SEARCH_PATHS = (
					"$(inherited)",
					"@executable_path/../Frameworks",
				);
				PRODUCT_BUNDLE_IDENTIFIER = "com.el-eleven.Swinject-macOS";
				PRODUCT_NAME = Swinject;
				RUN_DOCUMENTATION_COMPILER = YES;
				SDKROOT = macosx;
				SKIP_INSTALL = YES;
				VERSIONING_SYSTEM = "apple-generic";
			};
			name = Debug;
		};
		1C658F2EE0E00867139DF517 /* Release */ = {
			isa = XCBuildConfiguration;
			buildSettings = {
				BUNDLE_LOADER = "$(TEST_HOST)";
				INFOPLIST_FILE = Tests/SwinjectTests/Info.plist;
				LD_RUNPATH_SEARCH_PATHS = (
					"$(inherited)",
					"@executable_path/Frameworks",
					"@loader_path/Frameworks",
				);
				PRODUCT_BUNDLE_IDENTIFIER = "com.el-eleven.SwinjectTests-tvOS";
				PRODUCT_NAME = SwinjectTests;
				SDKROOT = appletvos;
				TARGETED_DEVICE_FAMILY = 3;
			};
			name = Release;
		};
		1C8E2DFBC4A1BD02965231CA /* Debug */ = {
			isa = XCBuildConfiguration;
			buildSettings = {
				APPLICATION_EXTENSION_API_ONLY = YES;
				BUILD_LIBRARY_FOR_DISTRIBUTION = YES;
				CODE_SIGN_IDENTITY = "";
				CURRENT_PROJECT_VERSION = 1;
				DEFINES_MODULE = YES;
				DYLIB_COMPATIBILITY_VERSION = 1;
				DYLIB_CURRENT_VERSION = 1;
				DYLIB_INSTALL_NAME_BASE = "@rpath";
				INFOPLIST_FILE = Sources/Info.plist;
				INSTALL_PATH = "$(LOCAL_LIBRARY_DIR)/Frameworks";
				LD_RUNPATH_SEARCH_PATHS = (
					"$(inherited)",
					"@executable_path/Frameworks",
				);
				PRODUCT_BUNDLE_IDENTIFIER = "com.el-eleven.Swinject-tvOS";
				PRODUCT_NAME = Swinject;
				RUN_DOCUMENTATION_COMPILER = YES;
				SDKROOT = appletvos;
				SKIP_INSTALL = YES;
				TARGETED_DEVICE_FAMILY = 3;
				VERSIONING_SYSTEM = "apple-generic";
			};
			name = Debug;
		};
		22789EECD90C6F4777F84411 /* Release */ = {
			isa = XCBuildConfiguration;
			buildSettings = {
				BUNDLE_LOADER = "$(TEST_HOST)";
				INFOPLIST_FILE = Tests/SwinjectTests/Info.plist;
				LD_RUNPATH_SEARCH_PATHS = (
					"$(inherited)",
					"@executable_path/Frameworks",
					"@loader_path/Frameworks",
				);
				PRODUCT_BUNDLE_IDENTIFIER = "com.el-eleven.SwinjectTests-iOS";
				PRODUCT_NAME = SwinjectTests;
				SDKROOT = iphoneos;
				TARGETED_DEVICE_FAMILY = "1,2";
			};
			name = Release;
		};
		40B543697D152B08E24B956B /* Debug */ = {
			isa = XCBuildConfiguration;
			buildSettings = {
				BUNDLE_LOADER = "$(TEST_HOST)";
				COMBINE_HIDPI_IMAGES = YES;
				INFOPLIST_FILE = Tests/SwinjectTests/Info.plist;
				LD_RUNPATH_SEARCH_PATHS = (
					"$(inherited)",
					"@executable_path/../Frameworks",
					"@loader_path/../Frameworks",
				);
				PRODUCT_BUNDLE_IDENTIFIER = "com.el-eleven.SwinjectTests-macOS";
				PRODUCT_NAME = SwinjectTests;
				SDKROOT = macosx;
			};
			name = Debug;
		};
		48013C55316D66F809706FDB /* Debug */ = {
			isa = XCBuildConfiguration;
			buildSettings = {
				APPLICATION_EXTENSION_API_ONLY = YES;
				BUILD_LIBRARY_FOR_DISTRIBUTION = YES;
				CODE_SIGN_IDENTITY = "";
				CURRENT_PROJECT_VERSION = 1;
				DEFINES_MODULE = YES;
				DYLIB_COMPATIBILITY_VERSION = 1;
				DYLIB_CURRENT_VERSION = 1;
				DYLIB_INSTALL_NAME_BASE = "@rpath";
				INFOPLIST_FILE = Sources/Info.plist;
				INSTALL_PATH = "$(LOCAL_LIBRARY_DIR)/Frameworks";
				PRODUCT_BUNDLE_IDENTIFIER = "com.el-eleven.Swinject-watchOS";
				PRODUCT_NAME = Swinject;
				RUN_DOCUMENTATION_COMPILER = YES;
				SDKROOT = watchos;
				SKIP_INSTALL = YES;
				TARGETED_DEVICE_FAMILY = 4;
				VERSIONING_SYSTEM = "apple-generic";
			};
			name = Debug;
		};
		4AC1B4FD1BD04BADE3CFF717 /* Release */ = {
			isa = XCBuildConfiguration;
			buildSettings = {
				ALWAYS_SEARCH_USER_PATHS = NO;
				CLANG_ANALYZER_NONNULL = YES;
				CLANG_ANALYZER_NUMBER_OBJECT_CONVERSION = YES_AGGRESSIVE;
				CLANG_CXX_LANGUAGE_STANDARD = "gnu++14";
				CLANG_CXX_LIBRARY = "libc++";
				CLANG_ENABLE_MODULES = YES;
				CLANG_ENABLE_OBJC_ARC = YES;
				CLANG_ENABLE_OBJC_WEAK = YES;
				CLANG_WARN_BLOCK_CAPTURE_AUTORELEASING = YES;
				CLANG_WARN_BOOL_CONVERSION = YES;
				CLANG_WARN_COMMA = YES;
				CLANG_WARN_CONSTANT_CONVERSION = YES;
				CLANG_WARN_DEPRECATED_OBJC_IMPLEMENTATIONS = YES;
				CLANG_WARN_DIRECT_OBJC_ISA_USAGE = YES_ERROR;
				CLANG_WARN_DOCUMENTATION_COMMENTS = YES;
				CLANG_WARN_EMPTY_BODY = YES;
				CLANG_WARN_ENUM_CONVERSION = YES;
				CLANG_WARN_INFINITE_RECURSION = YES;
				CLANG_WARN_INT_CONVERSION = YES;
				CLANG_WARN_NON_LITERAL_NULL_CONVERSION = YES;
				CLANG_WARN_OBJC_IMPLICIT_RETAIN_SELF = YES;
				CLANG_WARN_OBJC_LITERAL_CONVERSION = YES;
				CLANG_WARN_OBJC_ROOT_CLASS = YES_ERROR;
				CLANG_WARN_QUOTED_INCLUDE_IN_FRAMEWORK_HEADER = YES;
				CLANG_WARN_RANGE_LOOP_ANALYSIS = YES;
				CLANG_WARN_STRICT_PROTOTYPES = YES;
				CLANG_WARN_SUSPICIOUS_MOVE = YES;
				CLANG_WARN_UNGUARDED_AVAILABILITY = YES_AGGRESSIVE;
				CLANG_WARN_UNREACHABLE_CODE = YES;
				CLANG_WARN__DUPLICATE_METHOD_MATCH = YES;
				COPY_PHASE_STRIP = NO;
				DEBUG_INFORMATION_FORMAT = "dwarf-with-dsym";
				ENABLE_NS_ASSERTIONS = NO;
				ENABLE_STRICT_OBJC_MSGSEND = YES;
				GCC_C_LANGUAGE_STANDARD = gnu11;
				GCC_NO_COMMON_BLOCKS = YES;
				GCC_WARN_64_TO_32_BIT_CONVERSION = YES;
				GCC_WARN_ABOUT_RETURN_TYPE = YES_ERROR;
				GCC_WARN_UNDECLARED_SELECTOR = YES;
				GCC_WARN_UNINITIALIZED_AUTOS = YES_AGGRESSIVE;
				GCC_WARN_UNUSED_FUNCTION = YES;
				GCC_WARN_UNUSED_VARIABLE = YES;
				IPHONEOS_DEPLOYMENT_TARGET = 11.0;
				MACOSX_DEPLOYMENT_TARGET = 10.13;
				MTL_ENABLE_DEBUG_INFO = NO;
				MTL_FAST_MATH = YES;
				PRODUCT_NAME = "$(TARGET_NAME)";
				SWIFT_COMPILATION_MODE = wholemodule;
				SWIFT_OPTIMIZATION_LEVEL = "-O";
				SWIFT_VERSION = 5.0;
				TVOS_DEPLOYMENT_TARGET = 11.0;
				WATCHOS_DEPLOYMENT_TARGET = 4.0;
			};
			name = Release;
		};
		4F5598B58DB08553273A00A4 /* Release */ = {
			isa = XCBuildConfiguration;
			buildSettings = {
				APPLICATION_EXTENSION_API_ONLY = YES;
				BUILD_LIBRARY_FOR_DISTRIBUTION = YES;
				CODE_SIGN_IDENTITY = "";
				CURRENT_PROJECT_VERSION = 1;
				DEFINES_MODULE = YES;
				DYLIB_COMPATIBILITY_VERSION = 1;
				DYLIB_CURRENT_VERSION = 1;
				DYLIB_INSTALL_NAME_BASE = "@rpath";
				INFOPLIST_FILE = Sources/Info.plist;
				INSTALL_PATH = "$(LOCAL_LIBRARY_DIR)/Frameworks";
				LD_RUNPATH_SEARCH_PATHS = (
					"$(inherited)",
					"@executable_path/Frameworks",
				);
				PRODUCT_BUNDLE_IDENTIFIER = "com.el-eleven.Swinject-tvOS";
				PRODUCT_NAME = Swinject;
				RUN_DOCUMENTATION_COMPILER = YES;
				SDKROOT = appletvos;
				SKIP_INSTALL = YES;
				TARGETED_DEVICE_FAMILY = 3;
				VERSIONING_SYSTEM = "apple-generic";
			};
			name = Release;
		};
		51412E7150A218279EBA0959 /* Debug */ = {
			isa = XCBuildConfiguration;
			buildSettings = {
				BUNDLE_LOADER = "$(TEST_HOST)";
				INFOPLIST_FILE = Tests/SwinjectTests/Info.plist;
				LD_RUNPATH_SEARCH_PATHS = (
					"$(inherited)",
					"@executable_path/Frameworks",
					"@loader_path/Frameworks",
				);
				PRODUCT_BUNDLE_IDENTIFIER = "com.el-eleven.SwinjectTests-watchOS";
				PRODUCT_NAME = SwinjectTests;
				SDKROOT = watchos;
				SKIP_INSTALL = YES;
				TARGETED_DEVICE_FAMILY = 4;
			};
			name = Debug;
		};
		5FFA59364179DCE442102043 /* Release */ = {
			isa = XCBuildConfiguration;
			buildSettings = {
				APPLICATION_EXTENSION_API_ONLY = YES;
				BUILD_LIBRARY_FOR_DISTRIBUTION = YES;
				CODE_SIGN_IDENTITY = "";
				CURRENT_PROJECT_VERSION = 1;
				DEFINES_MODULE = YES;
				DYLIB_COMPATIBILITY_VERSION = 1;
				DYLIB_CURRENT_VERSION = 1;
				DYLIB_INSTALL_NAME_BASE = "@rpath";
				INFOPLIST_FILE = Sources/Info.plist;
				INSTALL_PATH = "$(LOCAL_LIBRARY_DIR)/Frameworks";
				LD_RUNPATH_SEARCH_PATHS = (
					"$(inherited)",
					"@executable_path/Frameworks",
				);
				PRODUCT_BUNDLE_IDENTIFIER = "com.el-eleven.Swinject-iOS";
				PRODUCT_NAME = Swinject;
				RUN_DOCUMENTATION_COMPILER = YES;
				SDKROOT = iphoneos;
				SKIP_INSTALL = YES;
				TARGETED_DEVICE_FAMILY = "1,2";
				VERSIONING_SYSTEM = "apple-generic";
			};
			name = Release;
		};
		62BC7601D9EF5BDC127FA6BC /* Release */ = {
			isa = XCBuildConfiguration;
			buildSettings = {
				BUNDLE_LOADER = "$(TEST_HOST)";
				INFOPLIST_FILE = Tests/SwinjectTests/Info.plist;
				LD_RUNPATH_SEARCH_PATHS = (
					"$(inherited)",
					"@executable_path/Frameworks",
					"@loader_path/Frameworks",
				);
				PRODUCT_BUNDLE_IDENTIFIER = "com.el-eleven.SwinjectTests-watchOS";
				PRODUCT_NAME = SwinjectTests;
				SDKROOT = watchos;
				SKIP_INSTALL = YES;
				TARGETED_DEVICE_FAMILY = 4;
			};
			name = Release;
		};
		823523F987775D94FAF296A0 /* Release */ = {
			isa = XCBuildConfiguration;
			buildSettings = {
				BUNDLE_LOADER = "$(TEST_HOST)";
				COMBINE_HIDPI_IMAGES = YES;
				INFOPLIST_FILE = Tests/SwinjectTests/Info.plist;
				LD_RUNPATH_SEARCH_PATHS = (
					"$(inherited)",
					"@executable_path/../Frameworks",
					"@loader_path/../Frameworks",
				);
				PRODUCT_BUNDLE_IDENTIFIER = "com.el-eleven.SwinjectTests-macOS";
				PRODUCT_NAME = SwinjectTests;
				SDKROOT = macosx;
			};
			name = Release;
		};
		B3E64D076106C0800DCDE25C /* Debug */ = {
			isa = XCBuildConfiguration;
			buildSettings = {
				BUNDLE_LOADER = "$(TEST_HOST)";
				INFOPLIST_FILE = Tests/SwinjectTests/Info.plist;
				LD_RUNPATH_SEARCH_PATHS = (
					"$(inherited)",
					"@executable_path/Frameworks",
					"@loader_path/Frameworks",
				);
				PRODUCT_BUNDLE_IDENTIFIER = "com.el-eleven.SwinjectTests-tvOS";
				PRODUCT_NAME = SwinjectTests;
				SDKROOT = appletvos;
				TARGETED_DEVICE_FAMILY = 3;
			};
			name = Debug;
		};
		E650C6AB7D474A320AD57B8C /* Release */ = {
			isa = XCBuildConfiguration;
			buildSettings = {
				APPLICATION_EXTENSION_API_ONLY = YES;
				BUILD_LIBRARY_FOR_DISTRIBUTION = YES;
				CODE_SIGN_IDENTITY = "";
				COMBINE_HIDPI_IMAGES = YES;
				CURRENT_PROJECT_VERSION = 1;
				DEFINES_MODULE = YES;
				DYLIB_COMPATIBILITY_VERSION = 1;
				DYLIB_CURRENT_VERSION = 1;
				DYLIB_INSTALL_NAME_BASE = "@rpath";
				INFOPLIST_FILE = Sources/Info.plist;
				INSTALL_PATH = "$(LOCAL_LIBRARY_DIR)/Frameworks";
				LD_RUNPATH_SEARCH_PATHS = (
					"$(inherited)",
					"@executable_path/../Frameworks",
				);
				PRODUCT_BUNDLE_IDENTIFIER = "com.el-eleven.Swinject-macOS";
				PRODUCT_NAME = Swinject;
				RUN_DOCUMENTATION_COMPILER = YES;
				SDKROOT = macosx;
				SKIP_INSTALL = YES;
				VERSIONING_SYSTEM = "apple-generic";
			};
			name = Release;
		};
		F931083A518202CD65349DC7 /* Debug */ = {
			isa = XCBuildConfiguration;
			buildSettings = {
				APPLICATION_EXTENSION_API_ONLY = YES;
				BUILD_LIBRARY_FOR_DISTRIBUTION = YES;
				CODE_SIGN_IDENTITY = "";
				CURRENT_PROJECT_VERSION = 1;
				DEFINES_MODULE = YES;
				DYLIB_COMPATIBILITY_VERSION = 1;
				DYLIB_CURRENT_VERSION = 1;
				DYLIB_INSTALL_NAME_BASE = "@rpath";
				INFOPLIST_FILE = Sources/Info.plist;
				INSTALL_PATH = "$(LOCAL_LIBRARY_DIR)/Frameworks";
				LD_RUNPATH_SEARCH_PATHS = (
					"$(inherited)",
					"@executable_path/Frameworks",
				);
				PRODUCT_BUNDLE_IDENTIFIER = "com.el-eleven.Swinject-iOS";
				PRODUCT_NAME = Swinject;
				RUN_DOCUMENTATION_COMPILER = YES;
				SDKROOT = iphoneos;
				SKIP_INSTALL = YES;
				TARGETED_DEVICE_FAMILY = "1,2";
				VERSIONING_SYSTEM = "apple-generic";
			};
			name = Debug;
		};
/* End XCBuildConfiguration section */

/* Begin XCConfigurationList section */
		0102B3F56FB5455C665EC043 /* Build configuration list for PBXProject "Swinject" */ = {
			isa = XCConfigurationList;
			buildConfigurations = (
				06BD173790BC6F9109DAE2AF /* Debug */,
				4AC1B4FD1BD04BADE3CFF717 /* Release */,
			);
			defaultConfigurationIsVisible = 0;
			defaultConfigurationName = Debug;
		};
		6FF2AC373500D96FCE14309C /* Build configuration list for PBXNativeTarget "Swinject-iOS" */ = {
			isa = XCConfigurationList;
			buildConfigurations = (
				F931083A518202CD65349DC7 /* Debug */,
				5FFA59364179DCE442102043 /* Release */,
			);
			defaultConfigurationIsVisible = 0;
			defaultConfigurationName = Debug;
		};
		738B2D1D24A08BC9DF448E7E /* Build configuration list for PBXNativeTarget "Swinject-watchOS" */ = {
			isa = XCConfigurationList;
			buildConfigurations = (
				48013C55316D66F809706FDB /* Debug */,
				13F51FF37DF6E9A493543523 /* Release */,
			);
			defaultConfigurationIsVisible = 0;
			defaultConfigurationName = Debug;
		};
		7C6E4A1A8FA04805EB1944EF /* Build configuration list for PBXNativeTarget "SwinjectTests-macOS" */ = {
			isa = XCConfigurationList;
			buildConfigurations = (
				40B543697D152B08E24B956B /* Debug */,
				823523F987775D94FAF296A0 /* Release */,
			);
			defaultConfigurationIsVisible = 0;
			defaultConfigurationName = Debug;
		};
		89A20B5671E6C872197B58C5 /* Build configuration list for PBXNativeTarget "SwinjectTests-watchOS" */ = {
			isa = XCConfigurationList;
			buildConfigurations = (
				51412E7150A218279EBA0959 /* Debug */,
				62BC7601D9EF5BDC127FA6BC /* Release */,
			);
			defaultConfigurationIsVisible = 0;
			defaultConfigurationName = Debug;
		};
		AEF69A9E70CC4C532CFD6F00 /* Build configuration list for PBXNativeTarget "Swinject-tvOS" */ = {
			isa = XCConfigurationList;
			buildConfigurations = (
				1C8E2DFBC4A1BD02965231CA /* Debug */,
				4F5598B58DB08553273A00A4 /* Release */,
			);
			defaultConfigurationIsVisible = 0;
			defaultConfigurationName = Debug;
		};
		B8C4390C60E3C4548EB1E9FA /* Build configuration list for PBXNativeTarget "SwinjectTests-tvOS" */ = {
			isa = XCConfigurationList;
			buildConfigurations = (
				B3E64D076106C0800DCDE25C /* Debug */,
				1C658F2EE0E00867139DF517 /* Release */,
			);
			defaultConfigurationIsVisible = 0;
			defaultConfigurationName = Debug;
		};
		DB6746A14EAA2D9AFE0941EF /* Build configuration list for PBXNativeTarget "SwinjectTests-iOS" */ = {
			isa = XCConfigurationList;
			buildConfigurations = (
				125AD23D9A7A7C6A655A39FB /* Debug */,
				22789EECD90C6F4777F84411 /* Release */,
			);
			defaultConfigurationIsVisible = 0;
			defaultConfigurationName = Debug;
		};
		EC81A336C016244CC478D16E /* Build configuration list for PBXNativeTarget "Swinject-macOS" */ = {
			isa = XCConfigurationList;
			buildConfigurations = (
				1BE46B86572D2F23F503C877 /* Debug */,
				E650C6AB7D474A320AD57B8C /* Release */,
			);
			defaultConfigurationIsVisible = 0;
			defaultConfigurationName = Debug;
		};
/* End XCConfigurationList section */
	};
	rootObject = 2224A31D363E48B57671956F /* Project object */;
}
